// !$*UTF8*$!
{
	archiveVersion = 1;
	classes = {
	};
	objectVersion = 46;
	objects = {

/* Begin PBXBuildFile section */
		B343B16D179BCC7000FDED34 /* Readability-activity-iPad.png in Resources */ = {isa = PBXBuildFile; fileRef = B343B167179BCC7000FDED34 /* Readability-activity-iPad.png */; };
		B343B16E179BCC7000FDED34 /* Readability-activity-iPad@2x.png in Resources */ = {isa = PBXBuildFile; fileRef = B343B168179BCC7000FDED34 /* Readability-activity-iPad@2x.png */; };
		B343B16F179BCC7000FDED34 /* Readability-activity-iPhone.png in Resources */ = {isa = PBXBuildFile; fileRef = B343B169179BCC7000FDED34 /* Readability-activity-iPhone.png */; };
		B343B170179BCC7000FDED34 /* Readability-activity-iPhone@2x.png in Resources */ = {isa = PBXBuildFile; fileRef = B343B16A179BCC7000FDED34 /* Readability-activity-iPhone@2x.png */; };
		B343B171179BCC7000FDED34 /* ReadabilityActivity.m in Sources */ = {isa = PBXBuildFile; fileRef = B343B16C179BCC7000FDED34 /* ReadabilityActivity.m */; };
		B343B179179BCD8B00FDED34 /* Safari.png in Resources */ = {isa = PBXBuildFile; fileRef = B343B173179BCD8B00FDED34 /* Safari.png */; };
		B343B17A179BCD8B00FDED34 /* Safari@2x.png in Resources */ = {isa = PBXBuildFile; fileRef = B343B174179BCD8B00FDED34 /* Safari@2x.png */; };
		B343B17B179BCD8B00FDED34 /* Safari@2x~ipad.png in Resources */ = {isa = PBXBuildFile; fileRef = B343B175179BCD8B00FDED34 /* Safari@2x~ipad.png */; };
		B343B17C179BCD8B00FDED34 /* Safari~ipad.png in Resources */ = {isa = PBXBuildFile; fileRef = B343B176179BCD8B00FDED34 /* Safari~ipad.png */; };
		B343B17D179BCD8B00FDED34 /* TUSafariActivity.m in Sources */ = {isa = PBXBuildFile; fileRef = B343B178179BCD8B00FDED34 /* TUSafariActivity.m */; };
		B343B182179BCE0C00FDED34 /* FeedsTableViewCell_iPad.xib in Resources */ = {isa = PBXBuildFile; fileRef = B343B17E179BCE0C00FDED34 /* FeedsTableViewCell_iPad.xib */; };
		B343B183179BCE0C00FDED34 /* FeedsTableViewCell_iPhone.xib in Resources */ = {isa = PBXBuildFile; fileRef = B343B180179BCE0C00FDED34 /* FeedsTableViewCell_iPhone.xib */; };
		B343B186179BDB8E00FDED34 /* RNActivityViewController.m in Sources */ = {isa = PBXBuildFile; fileRef = B343B185179BDB8E00FDED34 /* RNActivityViewController.m */; };
		B343B192179DC56000FDED34 /* RNNavigationController.m in Sources */ = {isa = PBXBuildFile; fileRef = B343B191179DC55F00FDED34 /* RNNavigationController.m */; };
		B3E051D7179528EF00B155F0 /* view_phone.html in Resources */ = {isa = PBXBuildFile; fileRef = B3E051D6179528EF00B155F0 /* view_phone.html */; };
		B3E051D91795401400B155F0 /* view_pad.html in Resources */ = {isa = PBXBuildFile; fileRef = B3E051D81795401400B155F0 /* view_pad.html */; };
		B3E051DE1795DAB500B155F0 /* shadow.png in Resources */ = {isa = PBXBuildFile; fileRef = B3E051DA1795DAB300B155F0 /* shadow.png */; };
		B3E051DF1795DAB500B155F0 /* shadow@2x.png in Resources */ = {isa = PBXBuildFile; fileRef = B3E051DB1795DAB400B155F0 /* shadow@2x.png */; };
		B3E051EE1795DC7600B155F0 /* arrow-down.png in Resources */ = {isa = PBXBuildFile; fileRef = B3E051E61795DC7500B155F0 /* arrow-down.png */; };
		B3E051EF1795DC7600B155F0 /* arrow-down@2x.png in Resources */ = {isa = PBXBuildFile; fileRef = B3E051E71795DC7500B155F0 /* arrow-down@2x.png */; };
		B3E051F01795DC7600B155F0 /* arrow-up.png in Resources */ = {isa = PBXBuildFile; fileRef = B3E051E81795DC7500B155F0 /* arrow-up.png */; };
		B3E051F11795DC7600B155F0 /* arrow-up@2x.png in Resources */ = {isa = PBXBuildFile; fileRef = B3E051E91795DC7500B155F0 /* arrow-up@2x.png */; };
		B3E051F21795DC7600B155F0 /* back.png in Resources */ = {isa = PBXBuildFile; fileRef = B3E051EA1795DC7600B155F0 /* back.png */; };
		B3E051F31795DC7600B155F0 /* back@2x.png in Resources */ = {isa = PBXBuildFile; fileRef = B3E051EB1795DC7600B155F0 /* back@2x.png */; };
		B3E051F41795DC7600B155F0 /* share.png in Resources */ = {isa = PBXBuildFile; fileRef = B3E051EC1795DC7600B155F0 /* share.png */; };
		B3E051F51795DC7600B155F0 /* share@2x.png in Resources */ = {isa = PBXBuildFile; fileRef = B3E051ED1795DC7600B155F0 /* share@2x.png */; };
		B3E0FA6E17914DEE00BD4CC4 /* UIKit.framework in Frameworks */ = {isa = PBXBuildFile; fileRef = B3E0FA6D17914DEE00BD4CC4 /* UIKit.framework */; };
		B3E0FA7017914DEE00BD4CC4 /* Foundation.framework in Frameworks */ = {isa = PBXBuildFile; fileRef = B3E0FA6F17914DEE00BD4CC4 /* Foundation.framework */; };
		B3E0FA7217914DEE00BD4CC4 /* CoreGraphics.framework in Frameworks */ = {isa = PBXBuildFile; fileRef = B3E0FA7117914DEE00BD4CC4 /* CoreGraphics.framework */; };
		B3E0FA7817914DEE00BD4CC4 /* InfoPlist.strings in Resources */ = {isa = PBXBuildFile; fileRef = B3E0FA7617914DEE00BD4CC4 /* InfoPlist.strings */; };
		B3E0FA7A17914DEE00BD4CC4 /* main.m in Sources */ = {isa = PBXBuildFile; fileRef = B3E0FA7917914DEE00BD4CC4 /* main.m */; };
		B3E0FA7E17914DEE00BD4CC4 /* AppDelegate.m in Sources */ = {isa = PBXBuildFile; fileRef = B3E0FA7D17914DEE00BD4CC4 /* AppDelegate.m */; };
		B3E0FA8017914DEE00BD4CC4 /* Default.png in Resources */ = {isa = PBXBuildFile; fileRef = B3E0FA7F17914DEE00BD4CC4 /* Default.png */; };
		B3E0FA8217914DEE00BD4CC4 /* Default@2x.png in Resources */ = {isa = PBXBuildFile; fileRef = B3E0FA8117914DEE00BD4CC4 /* Default@2x.png */; };
		B3E0FA8417914DEE00BD4CC4 /* Default-568h@2x.png in Resources */ = {isa = PBXBuildFile; fileRef = B3E0FA8317914DEE00BD4CC4 /* Default-568h@2x.png */; };
		B3E0FA8717914DEE00BD4CC4 /* CategoriesViewController.m in Sources */ = {isa = PBXBuildFile; fileRef = B3E0FA8617914DEE00BD4CC4 /* CategoriesViewController.m */; };
		B3E0FA8A17914DEE00BD4CC4 /* FeedsViewController.m in Sources */ = {isa = PBXBuildFile; fileRef = B3E0FA8917914DEE00BD4CC4 /* FeedsViewController.m */; };
		B3E0FA8D17914DEE00BD4CC4 /* CategoriesViewController_iPhone.xib in Resources */ = {isa = PBXBuildFile; fileRef = B3E0FA8B17914DEE00BD4CC4 /* CategoriesViewController_iPhone.xib */; };
		B3E0FA9017914DEE00BD4CC4 /* CategoriesViewController_iPad.xib in Resources */ = {isa = PBXBuildFile; fileRef = B3E0FA8E17914DEE00BD4CC4 /* CategoriesViewController_iPad.xib */; };
		B3E0FA9317914DEE00BD4CC4 /* FeedsViewController_iPhone.xib in Resources */ = {isa = PBXBuildFile; fileRef = B3E0FA9117914DEE00BD4CC4 /* FeedsViewController_iPhone.xib */; };
		B3E0FA9617914DEE00BD4CC4 /* FeedsViewController_iPad.xib in Resources */ = {isa = PBXBuildFile; fileRef = B3E0FA9417914DEE00BD4CC4 /* FeedsViewController_iPad.xib */; };
		B3E0FABD17914E2300BD4CC4 /* GTMNSString+HTML.m in Sources */ = {isa = PBXBuildFile; fileRef = B3E0FA9F17914E2200BD4CC4 /* GTMNSString+HTML.m */; settings = {COMPILER_FLAGS = "-fno-objc-arc"; }; };
		B3E0FABE17914E2300BD4CC4 /* TFHpple.m in Sources */ = {isa = PBXBuildFile; fileRef = B3E0FAA217914E2200BD4CC4 /* TFHpple.m */; settings = {COMPILER_FLAGS = "-fno-objc-arc"; }; };
		B3E0FABF17914E2300BD4CC4 /* TFHppleElement.m in Sources */ = {isa = PBXBuildFile; fileRef = B3E0FAA417914E2200BD4CC4 /* TFHppleElement.m */; settings = {COMPILER_FLAGS = "-fno-objc-arc"; }; };
		B3E0FAC017914E2300BD4CC4 /* XPathQuery.m in Sources */ = {isa = PBXBuildFile; fileRef = B3E0FAA617914E2200BD4CC4 /* XPathQuery.m */; settings = {COMPILER_FLAGS = "-fno-objc-arc"; }; };
		B3E0FAC117914E2300BD4CC4 /* MBProgressHUD.m in Sources */ = {isa = PBXBuildFile; fileRef = B3E0FAA917914E2200BD4CC4 /* MBProgressHUD.m */; settings = {COMPILER_FLAGS = "-fno-objc-arc"; }; };
		B3E0FAC217914E2300BD4CC4 /* MWFeedInfo.m in Sources */ = {isa = PBXBuildFile; fileRef = B3E0FAAC17914E2200BD4CC4 /* MWFeedInfo.m */; settings = {COMPILER_FLAGS = "-fno-objc-arc"; }; };
		B3E0FAC317914E2300BD4CC4 /* MWFeedItem.m in Sources */ = {isa = PBXBuildFile; fileRef = B3E0FAAE17914E2300BD4CC4 /* MWFeedItem.m */; settings = {COMPILER_FLAGS = "-fno-objc-arc"; }; };
		B3E0FAC417914E2300BD4CC4 /* MWFeedParser.m in Sources */ = {isa = PBXBuildFile; fileRef = B3E0FAB017914E2300BD4CC4 /* MWFeedParser.m */; settings = {COMPILER_FLAGS = "-fno-objc-arc"; }; };
		B3E0FAC517914E2300BD4CC4 /* NSDate+InternetDateTime.m in Sources */ = {isa = PBXBuildFile; fileRef = B3E0FAB317914E2300BD4CC4 /* NSDate+InternetDateTime.m */; settings = {COMPILER_FLAGS = "-fno-objc-arc"; }; };
		B3E0FAC617914E2300BD4CC4 /* NSString+HTML.m in Sources */ = {isa = PBXBuildFile; fileRef = B3E0FAB517914E2300BD4CC4 /* NSString+HTML.m */; settings = {COMPILER_FLAGS = "-fno-objc-arc"; }; };
		B3E0FACB17914E7200BD4CC4 /* QuartzCore.framework in Frameworks */ = {isa = PBXBuildFile; fileRef = B3E0FACA17914E7200BD4CC4 /* QuartzCore.framework */; };
		B3E0FACD17914E8500BD4CC4 /* libxml2.dylib in Frameworks */ = {isa = PBXBuildFile; fileRef = B3E0FACC17914E8500BD4CC4 /* libxml2.dylib */; };
		B3E0FB061791604E00BD4CC4 /* WebViewController.m in Sources */ = {isa = PBXBuildFile; fileRef = B3E0FB041791604D00BD4CC4 /* WebViewController.m */; };
		B3E0FB0E179160E300BD4CC4 /* WebViewController_iPad.xib in Resources */ = {isa = PBXBuildFile; fileRef = B3E0FB0A179160E200BD4CC4 /* WebViewController_iPad.xib */; };
		B3E0FB0F179160E300BD4CC4 /* WebViewController_iPhone.xib in Resources */ = {isa = PBXBuildFile; fileRef = B3E0FB0C179160E300BD4CC4 /* WebViewController_iPhone.xib */; };
		B3E0FB111791938500BD4CC4 /* ReutersNewsRSSFeeds.plist in Resources */ = {isa = PBXBuildFile; fileRef = B3E0FB101791938500BD4CC4 /* ReutersNewsRSSFeeds.plist */; };
		B3E0FB1B1791D28F00BD4CC4 /* NSString+Additions.m in Sources */ = {isa = PBXBuildFile; fileRef = B3E0FB1A1791D28F00BD4CC4 /* NSString+Additions.m */; };
		B3E4D338179E7AC7000A863B /* line_shadow.png in Resources */ = {isa = PBXBuildFile; fileRef = B3E4D337179E7AC7000A863B /* line_shadow.png */; };
		B3E6239A1793BBB000726150 /* reuters125.png in Resources */ = {isa = PBXBuildFile; fileRef = B3E623991793BBB000726150 /* reuters125.png */; };
		B3E6239D1793C7FD00726150 /* RNHelper.m in Sources */ = {isa = PBXBuildFile; fileRef = B3E6239C1793C7FD00726150 /* RNHelper.m */; };
		B3E623A01793F8DD00726150 /* FeedsTableViewCell.m in Sources */ = {isa = PBXBuildFile; fileRef = B3E6239F1793F8DD00726150 /* FeedsTableViewCell.m */; };
/* End PBXBuildFile section */

/* Begin PBXFileReference section */
		B343B167179BCC7000FDED34 /* Readability-activity-iPad.png */ = {isa = PBXFileReference; lastKnownFileType = image.png; path = "Readability-activity-iPad.png"; sourceTree = "<group>"; };
		B343B168179BCC7000FDED34 /* Readability-activity-iPad@2x.png */ = {isa = PBXFileReference; lastKnownFileType = image.png; path = "Readability-activity-iPad@2x.png"; sourceTree = "<group>"; };
		B343B169179BCC7000FDED34 /* Readability-activity-iPhone.png */ = {isa = PBXFileReference; lastKnownFileType = image.png; path = "Readability-activity-iPhone.png"; sourceTree = "<group>"; };
		B343B16A179BCC7000FDED34 /* Readability-activity-iPhone@2x.png */ = {isa = PBXFileReference; lastKnownFileType = image.png; path = "Readability-activity-iPhone@2x.png"; sourceTree = "<group>"; };
		B343B16B179BCC7000FDED34 /* ReadabilityActivity.h */ = {isa = PBXFileReference; fileEncoding = 4; lastKnownFileType = sourcecode.c.h; path = ReadabilityActivity.h; sourceTree = "<group>"; };
		B343B16C179BCC7000FDED34 /* ReadabilityActivity.m */ = {isa = PBXFileReference; fileEncoding = 4; lastKnownFileType = sourcecode.c.objc; path = ReadabilityActivity.m; sourceTree = "<group>"; };
		B343B173179BCD8B00FDED34 /* Safari.png */ = {isa = PBXFileReference; lastKnownFileType = image.png; path = Safari.png; sourceTree = "<group>"; };
		B343B174179BCD8B00FDED34 /* Safari@2x.png */ = {isa = PBXFileReference; lastKnownFileType = image.png; path = "Safari@2x.png"; sourceTree = "<group>"; };
		B343B175179BCD8B00FDED34 /* Safari@2x~ipad.png */ = {isa = PBXFileReference; lastKnownFileType = image.png; path = "Safari@2x~ipad.png"; sourceTree = "<group>"; };
		B343B176179BCD8B00FDED34 /* Safari~ipad.png */ = {isa = PBXFileReference; lastKnownFileType = image.png; path = "Safari~ipad.png"; sourceTree = "<group>"; };
		B343B177179BCD8B00FDED34 /* TUSafariActivity.h */ = {isa = PBXFileReference; fileEncoding = 4; lastKnownFileType = sourcecode.c.h; path = TUSafariActivity.h; sourceTree = "<group>"; };
		B343B178179BCD8B00FDED34 /* TUSafariActivity.m */ = {isa = PBXFileReference; fileEncoding = 4; lastKnownFileType = sourcecode.c.objc; path = TUSafariActivity.m; sourceTree = "<group>"; };
		B343B17F179BCE0C00FDED34 /* en */ = {isa = PBXFileReference; lastKnownFileType = file.xib; name = en; path = en.lproj/FeedsTableViewCell_iPad.xib; sourceTree = "<group>"; };
		B343B181179BCE0C00FDED34 /* en */ = {isa = PBXFileReference; lastKnownFileType = file.xib; name = en; path = en.lproj/FeedsTableViewCell_iPhone.xib; sourceTree = "<group>"; };
		B343B184179BDB8E00FDED34 /* RNActivityViewController.h */ = {isa = PBXFileReference; fileEncoding = 4; lastKnownFileType = sourcecode.c.h; path = RNActivityViewController.h; sourceTree = "<group>"; };
		B343B185179BDB8E00FDED34 /* RNActivityViewController.m */ = {isa = PBXFileReference; fileEncoding = 4; lastKnownFileType = sourcecode.c.objc; path = RNActivityViewController.m; sourceTree = "<group>"; };
		B343B190179DC55F00FDED34 /* RNNavigationController.h */ = {isa = PBXFileReference; fileEncoding = 4; lastKnownFileType = sourcecode.c.h; path = RNNavigationController.h; sourceTree = "<group>"; };
		B343B191179DC55F00FDED34 /* RNNavigationController.m */ = {isa = PBXFileReference; fileEncoding = 4; lastKnownFileType = sourcecode.c.objc; path = RNNavigationController.m; sourceTree = "<group>"; };
		B3E051D6179528EF00B155F0 /* view_phone.html */ = {isa = PBXFileReference; fileEncoding = 4; lastKnownFileType = text.html; path = view_phone.html; sourceTree = "<group>"; };
		B3E051D81795401400B155F0 /* view_pad.html */ = {isa = PBXFileReference; fileEncoding = 4; lastKnownFileType = text.html; path = view_pad.html; sourceTree = "<group>"; };
		B3E051DA1795DAB300B155F0 /* shadow.png */ = {isa = PBXFileReference; lastKnownFileType = image.png; path = shadow.png; sourceTree = "<group>"; };
		B3E051DB1795DAB400B155F0 /* shadow@2x.png */ = {isa = PBXFileReference; lastKnownFileType = image.png; path = "shadow@2x.png"; sourceTree = "<group>"; };
		B3E051E61795DC7500B155F0 /* arrow-down.png */ = {isa = PBXFileReference; lastKnownFileType = image.png; path = "arrow-down.png"; sourceTree = "<group>"; };
		B3E051E71795DC7500B155F0 /* arrow-down@2x.png */ = {isa = PBXFileReference; lastKnownFileType = image.png; path = "arrow-down@2x.png"; sourceTree = "<group>"; };
		B3E051E81795DC7500B155F0 /* arrow-up.png */ = {isa = PBXFileReference; lastKnownFileType = image.png; path = "arrow-up.png"; sourceTree = "<group>"; };
		B3E051E91795DC7500B155F0 /* arrow-up@2x.png */ = {isa = PBXFileReference; lastKnownFileType = image.png; path = "arrow-up@2x.png"; sourceTree = "<group>"; };
		B3E051EA1795DC7600B155F0 /* back.png */ = {isa = PBXFileReference; lastKnownFileType = image.png; path = back.png; sourceTree = "<group>"; };
		B3E051EB1795DC7600B155F0 /* back@2x.png */ = {isa = PBXFileReference; lastKnownFileType = image.png; path = "back@2x.png"; sourceTree = "<group>"; };
		B3E051EC1795DC7600B155F0 /* share.png */ = {isa = PBXFileReference; lastKnownFileType = image.png; path = share.png; sourceTree = "<group>"; };
		B3E051ED1795DC7600B155F0 /* share@2x.png */ = {isa = PBXFileReference; lastKnownFileType = image.png; path = "share@2x.png"; sourceTree = "<group>"; };
		B3E0FA6A17914DEE00BD4CC4 /* ReutersNewsFeedsReader.app */ = {isa = PBXFileReference; explicitFileType = wrapper.application; includeInIndex = 0; path = ReutersNewsFeedsReader.app; sourceTree = BUILT_PRODUCTS_DIR; };
		B3E0FA6D17914DEE00BD4CC4 /* UIKit.framework */ = {isa = PBXFileReference; lastKnownFileType = wrapper.framework; name = UIKit.framework; path = System/Library/Frameworks/UIKit.framework; sourceTree = SDKROOT; };
		B3E0FA6F17914DEE00BD4CC4 /* Foundation.framework */ = {isa = PBXFileReference; lastKnownFileType = wrapper.framework; name = Foundation.framework; path = System/Library/Frameworks/Foundation.framework; sourceTree = SDKROOT; };
		B3E0FA7117914DEE00BD4CC4 /* CoreGraphics.framework */ = {isa = PBXFileReference; lastKnownFileType = wrapper.framework; name = CoreGraphics.framework; path = System/Library/Frameworks/CoreGraphics.framework; sourceTree = SDKROOT; };
		B3E0FA7517914DEE00BD4CC4 /* ReutersNewsFeedsReader-Info.plist */ = {isa = PBXFileReference; lastKnownFileType = text.plist.xml; path = "ReutersNewsFeedsReader-Info.plist"; sourceTree = "<group>"; };
		B3E0FA7717914DEE00BD4CC4 /* en */ = {isa = PBXFileReference; lastKnownFileType = text.plist.strings; name = en; path = en.lproj/InfoPlist.strings; sourceTree = "<group>"; };
		B3E0FA7917914DEE00BD4CC4 /* main.m */ = {isa = PBXFileReference; lastKnownFileType = sourcecode.c.objc; path = main.m; sourceTree = "<group>"; };
		B3E0FA7B17914DEE00BD4CC4 /* ReutersNewsFeedsReader-Prefix.pch */ = {isa = PBXFileReference; lastKnownFileType = sourcecode.c.h; path = "ReutersNewsFeedsReader-Prefix.pch"; sourceTree = "<group>"; };
		B3E0FA7C17914DEE00BD4CC4 /* AppDelegate.h */ = {isa = PBXFileReference; lastKnownFileType = sourcecode.c.h; path = AppDelegate.h; sourceTree = "<group>"; };
		B3E0FA7D17914DEE00BD4CC4 /* AppDelegate.m */ = {isa = PBXFileReference; lastKnownFileType = sourcecode.c.objc; path = AppDelegate.m; sourceTree = "<group>"; };
		B3E0FA7F17914DEE00BD4CC4 /* Default.png */ = {isa = PBXFileReference; lastKnownFileType = image.png; path = Default.png; sourceTree = "<group>"; };
		B3E0FA8117914DEE00BD4CC4 /* Default@2x.png */ = {isa = PBXFileReference; lastKnownFileType = image.png; path = "Default@2x.png"; sourceTree = "<group>"; };
		B3E0FA8317914DEE00BD4CC4 /* Default-568h@2x.png */ = {isa = PBXFileReference; lastKnownFileType = image.png; path = "Default-568h@2x.png"; sourceTree = "<group>"; };
		B3E0FA8517914DEE00BD4CC4 /* CategoriesViewController.h */ = {isa = PBXFileReference; lastKnownFileType = sourcecode.c.h; path = CategoriesViewController.h; sourceTree = "<group>"; };
		B3E0FA8617914DEE00BD4CC4 /* CategoriesViewController.m */ = {isa = PBXFileReference; lastKnownFileType = sourcecode.c.objc; path = CategoriesViewController.m; sourceTree = "<group>"; };
		B3E0FA8817914DEE00BD4CC4 /* FeedsViewController.h */ = {isa = PBXFileReference; lastKnownFileType = sourcecode.c.h; path = FeedsViewController.h; sourceTree = "<group>"; };
		B3E0FA8917914DEE00BD4CC4 /* FeedsViewController.m */ = {isa = PBXFileReference; lastKnownFileType = sourcecode.c.objc; path = FeedsViewController.m; sourceTree = "<group>"; };
		B3E0FA8C17914DEE00BD4CC4 /* en */ = {isa = PBXFileReference; lastKnownFileType = file.xib; name = en; path = en.lproj/CategoriesViewController_iPhone.xib; sourceTree = "<group>"; };
		B3E0FA8F17914DEE00BD4CC4 /* en */ = {isa = PBXFileReference; lastKnownFileType = file.xib; name = en; path = en.lproj/CategoriesViewController_iPad.xib; sourceTree = "<group>"; };
		B3E0FA9217914DEE00BD4CC4 /* en */ = {isa = PBXFileReference; lastKnownFileType = file.xib; name = en; path = en.lproj/FeedsViewController_iPhone.xib; sourceTree = "<group>"; };
		B3E0FA9517914DEE00BD4CC4 /* en */ = {isa = PBXFileReference; lastKnownFileType = file.xib; name = en; path = en.lproj/FeedsViewController_iPad.xib; sourceTree = "<group>"; };
		B3E0FA9E17914E2200BD4CC4 /* GTMNSString+HTML.h */ = {isa = PBXFileReference; fileEncoding = 4; lastKnownFileType = sourcecode.c.h; path = "GTMNSString+HTML.h"; sourceTree = "<group>"; };
		B3E0FA9F17914E2200BD4CC4 /* GTMNSString+HTML.m */ = {isa = PBXFileReference; fileEncoding = 4; lastKnownFileType = sourcecode.c.objc; path = "GTMNSString+HTML.m"; sourceTree = "<group>"; };
		B3E0FAA117914E2200BD4CC4 /* TFHpple.h */ = {isa = PBXFileReference; fileEncoding = 4; lastKnownFileType = sourcecode.c.h; path = TFHpple.h; sourceTree = "<group>"; };
		B3E0FAA217914E2200BD4CC4 /* TFHpple.m */ = {isa = PBXFileReference; fileEncoding = 4; lastKnownFileType = sourcecode.c.objc; path = TFHpple.m; sourceTree = "<group>"; };
		B3E0FAA317914E2200BD4CC4 /* TFHppleElement.h */ = {isa = PBXFileReference; fileEncoding = 4; lastKnownFileType = sourcecode.c.h; path = TFHppleElement.h; sourceTree = "<group>"; };
		B3E0FAA417914E2200BD4CC4 /* TFHppleElement.m */ = {isa = PBXFileReference; fileEncoding = 4; lastKnownFileType = sourcecode.c.objc; path = TFHppleElement.m; sourceTree = "<group>"; };
		B3E0FAA517914E2200BD4CC4 /* XPathQuery.h */ = {isa = PBXFileReference; fileEncoding = 4; lastKnownFileType = sourcecode.c.h; path = XPathQuery.h; sourceTree = "<group>"; };
		B3E0FAA617914E2200BD4CC4 /* XPathQuery.m */ = {isa = PBXFileReference; fileEncoding = 4; lastKnownFileType = sourcecode.c.objc; path = XPathQuery.m; sourceTree = "<group>"; };
		B3E0FAA817914E2200BD4CC4 /* MBProgressHUD.h */ = {isa = PBXFileReference; fileEncoding = 4; lastKnownFileType = sourcecode.c.h; path = MBProgressHUD.h; sourceTree = "<group>"; };
		B3E0FAA917914E2200BD4CC4 /* MBProgressHUD.m */ = {isa = PBXFileReference; fileEncoding = 4; lastKnownFileType = sourcecode.c.objc; path = MBProgressHUD.m; sourceTree = "<group>"; };
		B3E0FAAB17914E2200BD4CC4 /* MWFeedInfo.h */ = {isa = PBXFileReference; fileEncoding = 4; lastKnownFileType = sourcecode.c.h; path = MWFeedInfo.h; sourceTree = "<group>"; };
		B3E0FAAC17914E2200BD4CC4 /* MWFeedInfo.m */ = {isa = PBXFileReference; fileEncoding = 4; lastKnownFileType = sourcecode.c.objc; path = MWFeedInfo.m; sourceTree = "<group>"; };
		B3E0FAAD17914E2300BD4CC4 /* MWFeedItem.h */ = {isa = PBXFileReference; fileEncoding = 4; lastKnownFileType = sourcecode.c.h; path = MWFeedItem.h; sourceTree = "<group>"; };
		B3E0FAAE17914E2300BD4CC4 /* MWFeedItem.m */ = {isa = PBXFileReference; fileEncoding = 4; lastKnownFileType = sourcecode.c.objc; path = MWFeedItem.m; sourceTree = "<group>"; };
		B3E0FAAF17914E2300BD4CC4 /* MWFeedParser.h */ = {isa = PBXFileReference; fileEncoding = 4; lastKnownFileType = sourcecode.c.h; path = MWFeedParser.h; sourceTree = "<group>"; };
		B3E0FAB017914E2300BD4CC4 /* MWFeedParser.m */ = {isa = PBXFileReference; fileEncoding = 4; lastKnownFileType = sourcecode.c.objc; path = MWFeedParser.m; sourceTree = "<group>"; };
		B3E0FAB117914E2300BD4CC4 /* MWFeedParser_Private.h */ = {isa = PBXFileReference; fileEncoding = 4; lastKnownFileType = sourcecode.c.h; path = MWFeedParser_Private.h; sourceTree = "<group>"; };
		B3E0FAB217914E2300BD4CC4 /* NSDate+InternetDateTime.h */ = {isa = PBXFileReference; fileEncoding = 4; lastKnownFileType = sourcecode.c.h; path = "NSDate+InternetDateTime.h"; sourceTree = "<group>"; };
		B3E0FAB317914E2300BD4CC4 /* NSDate+InternetDateTime.m */ = {isa = PBXFileReference; fileEncoding = 4; lastKnownFileType = sourcecode.c.objc; path = "NSDate+InternetDateTime.m"; sourceTree = "<group>"; };
		B3E0FAB417914E2300BD4CC4 /* NSString+HTML.h */ = {isa = PBXFileReference; fileEncoding = 4; lastKnownFileType = sourcecode.c.h; path = "NSString+HTML.h"; sourceTree = "<group>"; };
		B3E0FAB517914E2300BD4CC4 /* NSString+HTML.m */ = {isa = PBXFileReference; fileEncoding = 4; lastKnownFileType = sourcecode.c.objc; path = "NSString+HTML.m"; sourceTree = "<group>"; };
		B3E0FACA17914E7200BD4CC4 /* QuartzCore.framework */ = {isa = PBXFileReference; lastKnownFileType = wrapper.framework; name = QuartzCore.framework; path = System/Library/Frameworks/QuartzCore.framework; sourceTree = SDKROOT; };
		B3E0FACC17914E8500BD4CC4 /* libxml2.dylib */ = {isa = PBXFileReference; lastKnownFileType = "compiled.mach-o.dylib"; name = libxml2.dylib; path = usr/lib/libxml2.dylib; sourceTree = SDKROOT; };
		B3E0FB031791604D00BD4CC4 /* WebViewController.h */ = {isa = PBXFileReference; fileEncoding = 4; lastKnownFileType = sourcecode.c.h; path = WebViewController.h; sourceTree = "<group>"; };
		B3E0FB041791604D00BD4CC4 /* WebViewController.m */ = {isa = PBXFileReference; fileEncoding = 4; lastKnownFileType = sourcecode.c.objc; path = WebViewController.m; sourceTree = "<group>"; };
		B3E0FB0B179160E300BD4CC4 /* en */ = {isa = PBXFileReference; lastKnownFileType = file.xib; name = en; path = en.lproj/WebViewController_iPad.xib; sourceTree = "<group>"; };
		B3E0FB0D179160E300BD4CC4 /* en */ = {isa = PBXFileReference; lastKnownFileType = file.xib; name = en; path = en.lproj/WebViewController_iPhone.xib; sourceTree = "<group>"; };
		B3E0FB101791938500BD4CC4 /* ReutersNewsRSSFeeds.plist */ = {isa = PBXFileReference; fileEncoding = 4; lastKnownFileType = text.plist.xml; path = ReutersNewsRSSFeeds.plist; sourceTree = "<group>"; };
		B3E0FB171791B2BA00BD4CC4 /* AppConfig.h */ = {isa = PBXFileReference; lastKnownFileType = sourcecode.c.h; path = AppConfig.h; sourceTree = "<group>"; };
		B3E0FB191791D28F00BD4CC4 /* NSString+Additions.h */ = {isa = PBXFileReference; fileEncoding = 4; lastKnownFileType = sourcecode.c.h; path = "NSString+Additions.h"; sourceTree = "<group>"; };
		B3E0FB1A1791D28F00BD4CC4 /* NSString+Additions.m */ = {isa = PBXFileReference; fileEncoding = 4; lastKnownFileType = sourcecode.c.objc; path = "NSString+Additions.m"; sourceTree = "<group>"; };
		B3E4D337179E7AC7000A863B /* line_shadow.png */ = {isa = PBXFileReference; lastKnownFileType = image.png; path = line_shadow.png; sourceTree = "<group>"; };
		B3E623991793BBB000726150 /* reuters125.png */ = {isa = PBXFileReference; lastKnownFileType = image.png; path = reuters125.png; sourceTree = "<group>"; };
		B3E6239B1793C7FD00726150 /* RNHelper.h */ = {isa = PBXFileReference; fileEncoding = 4; lastKnownFileType = sourcecode.c.h; path = RNHelper.h; sourceTree = "<group>"; };
		B3E6239C1793C7FD00726150 /* RNHelper.m */ = {isa = PBXFileReference; fileEncoding = 4; lastKnownFileType = sourcecode.c.objc; path = RNHelper.m; sourceTree = "<group>"; };
		B3E6239E1793F8DD00726150 /* FeedsTableViewCell.h */ = {isa = PBXFileReference; fileEncoding = 4; lastKnownFileType = sourcecode.c.h; path = FeedsTableViewCell.h; sourceTree = "<group>"; };
		B3E6239F1793F8DD00726150 /* FeedsTableViewCell.m */ = {isa = PBXFileReference; fileEncoding = 4; lastKnownFileType = sourcecode.c.objc; path = FeedsTableViewCell.m; sourceTree = "<group>"; };
/* End PBXFileReference section */

/* Begin PBXFrameworksBuildPhase section */
		B3E0FA6717914DEE00BD4CC4 /* Frameworks */ = {
			isa = PBXFrameworksBuildPhase;
			buildActionMask = 2147483647;
			files = (
				B3E0FACD17914E8500BD4CC4 /* libxml2.dylib in Frameworks */,
				B3E0FACB17914E7200BD4CC4 /* QuartzCore.framework in Frameworks */,
				B3E0FA6E17914DEE00BD4CC4 /* UIKit.framework in Frameworks */,
				B3E0FA7017914DEE00BD4CC4 /* Foundation.framework in Frameworks */,
				B3E0FA7217914DEE00BD4CC4 /* CoreGraphics.framework in Frameworks */,
			);
			runOnlyForDeploymentPostprocessing = 0;
		};
/* End PBXFrameworksBuildPhase section */

/* Begin PBXGroup section */
		B343B166179BCC7000FDED34 /* ReadabilityActivity */ = {
			isa = PBXGroup;
			children = (
				B343B167179BCC7000FDED34 /* Readability-activity-iPad.png */,
				B343B168179BCC7000FDED34 /* Readability-activity-iPad@2x.png */,
				B343B169179BCC7000FDED34 /* Readability-activity-iPhone.png */,
				B343B16A179BCC7000FDED34 /* Readability-activity-iPhone@2x.png */,
				B343B16B179BCC7000FDED34 /* ReadabilityActivity.h */,
				B343B16C179BCC7000FDED34 /* ReadabilityActivity.m */,
			);
			path = ReadabilityActivity;
			sourceTree = "<group>";
		};
		B343B172179BCD8B00FDED34 /* TUSafariActivity */ = {
			isa = PBXGroup;
			children = (
				B343B173179BCD8B00FDED34 /* Safari.png */,
				B343B174179BCD8B00FDED34 /* Safari@2x.png */,
				B343B175179BCD8B00FDED34 /* Safari@2x~ipad.png */,
				B343B176179BCD8B00FDED34 /* Safari~ipad.png */,
				B343B177179BCD8B00FDED34 /* TUSafariActivity.h */,
				B343B178179BCD8B00FDED34 /* TUSafariActivity.m */,
			);
			path = TUSafariActivity;
			sourceTree = "<group>";
		};
		B343B187179D537600FDED34 /* Application */ = {
			isa = PBXGroup;
			children = (
				B3E0FA7C17914DEE00BD4CC4 /* AppDelegate.h */,
				B3E0FA7D17914DEE00BD4CC4 /* AppDelegate.m */,
				B3E0FB171791B2BA00BD4CC4 /* AppConfig.h */,
			);
			name = Application;
			sourceTree = "<group>";
		};
		B343B188179D538900FDED34 /* View Controllers */ = {
			isa = PBXGroup;
			children = (
				B343B18A179D564400FDED34 /* Categories */,
				B343B18B179D56AC00FDED34 /* Feeds */,
				B343B18C179D572E00FDED34 /* Webview */,
			);
			name = "View Controllers";
			sourceTree = "<group>";
		};
		B343B189179D54B500FDED34 /* Misc */ = {
			isa = PBXGroup;
			children = (
				B3E0FB191791D28F00BD4CC4 /* NSString+Additions.h */,
				B3E0FB1A1791D28F00BD4CC4 /* NSString+Additions.m */,
				B3E6239B1793C7FD00726150 /* RNHelper.h */,
				B3E6239C1793C7FD00726150 /* RNHelper.m */,
				B343B184179BDB8E00FDED34 /* RNActivityViewController.h */,
				B343B185179BDB8E00FDED34 /* RNActivityViewController.m */,
				B343B190179DC55F00FDED34 /* RNNavigationController.h */,
				B343B191179DC55F00FDED34 /* RNNavigationController.m */,
			);
			name = Misc;
			sourceTree = "<group>";
		};
		B343B18A179D564400FDED34 /* Categories */ = {
			isa = PBXGroup;
			children = (
				B3E0FA8517914DEE00BD4CC4 /* CategoriesViewController.h */,
				B3E0FA8617914DEE00BD4CC4 /* CategoriesViewController.m */,
				B3E0FA8B17914DEE00BD4CC4 /* CategoriesViewController_iPhone.xib */,
				B3E0FA8E17914DEE00BD4CC4 /* CategoriesViewController_iPad.xib */,
			);
			name = Categories;
			sourceTree = "<group>";
		};
		B343B18B179D56AC00FDED34 /* Feeds */ = {
			isa = PBXGroup;
			children = (
				B3E0FA8817914DEE00BD4CC4 /* FeedsViewController.h */,
				B3E0FA8917914DEE00BD4CC4 /* FeedsViewController.m */,
				B3E6239E1793F8DD00726150 /* FeedsTableViewCell.h */,
				B3E6239F1793F8DD00726150 /* FeedsTableViewCell.m */,
				B3E0FA9117914DEE00BD4CC4 /* FeedsViewController_iPhone.xib */,
				B3E0FA9417914DEE00BD4CC4 /* FeedsViewController_iPad.xib */,
				B343B180179BCE0C00FDED34 /* FeedsTableViewCell_iPhone.xib */,
				B343B17E179BCE0C00FDED34 /* FeedsTableViewCell_iPad.xib */,
			);
			name = Feeds;
			sourceTree = "<group>";
		};
		B343B18C179D572E00FDED34 /* Webview */ = {
			isa = PBXGroup;
			children = (
				B3E0FB031791604D00BD4CC4 /* WebViewController.h */,
				B3E0FB041791604D00BD4CC4 /* WebViewController.m */,
				B3E0FB0C179160E300BD4CC4 /* WebViewController_iPhone.xib */,
				B3E0FB0A179160E200BD4CC4 /* WebViewController_iPad.xib */,
			);
			name = Webview;
			sourceTree = "<group>";
		};
		B343B18D179D58FD00FDED34 /* Images */ = {
			isa = PBXGroup;
			children = (
				B3E4D337179E7AC7000A863B /* line_shadow.png */,
				B3E0FA7F17914DEE00BD4CC4 /* Default.png */,
				B3E0FA8117914DEE00BD4CC4 /* Default@2x.png */,
				B3E0FA8317914DEE00BD4CC4 /* Default-568h@2x.png */,
				B3E051E61795DC7500B155F0 /* arrow-down.png */,
				B3E051E71795DC7500B155F0 /* arrow-down@2x.png */,
				B3E051E81795DC7500B155F0 /* arrow-up.png */,
				B3E051E91795DC7500B155F0 /* arrow-up@2x.png */,
				B3E051EA1795DC7600B155F0 /* back.png */,
				B3E051EB1795DC7600B155F0 /* back@2x.png */,
				B3E051EC1795DC7600B155F0 /* share.png */,
				B3E051ED1795DC7600B155F0 /* share@2x.png */,
				B3E051DA1795DAB300B155F0 /* shadow.png */,
				B3E051DB1795DAB400B155F0 /* shadow@2x.png */,
				B3E623991793BBB000726150 /* reuters125.png */,
			);
			name = Images;
			sourceTree = "<group>";
		};
		B343B18E179D590500FDED34 /* html */ = {
			isa = PBXGroup;
			children = (
				B3E051D6179528EF00B155F0 /* view_phone.html */,
				B3E051D81795401400B155F0 /* view_pad.html */,
			);
			name = html;
			sourceTree = "<group>";
		};
		B343B18F179D598100FDED34 /* Misc */ = {
			isa = PBXGroup;
			children = (
				B3E0FB101791938500BD4CC4 /* ReutersNewsRSSFeeds.plist */,
			);
			name = Misc;
			sourceTree = "<group>";
		};
		B3E0FA6117914DEE00BD4CC4 = {
			isa = PBXGroup;
			children = (
				B3E0FA7317914DEE00BD4CC4 /* ReutersNewsFeedsReader */,
				B3E0FA6C17914DEE00BD4CC4 /* Frameworks */,
				B3E0FA6B17914DEE00BD4CC4 /* Products */,
			);
			sourceTree = "<group>";
		};
		B3E0FA6B17914DEE00BD4CC4 /* Products */ = {
			isa = PBXGroup;
			children = (
				B3E0FA6A17914DEE00BD4CC4 /* ReutersNewsFeedsReader.app */,
			);
			name = Products;
			sourceTree = "<group>";
		};
		B3E0FA6C17914DEE00BD4CC4 /* Frameworks */ = {
			isa = PBXGroup;
			children = (
				B3E0FACC17914E8500BD4CC4 /* libxml2.dylib */,
				B3E0FACA17914E7200BD4CC4 /* QuartzCore.framework */,
				B3E0FA6D17914DEE00BD4CC4 /* UIKit.framework */,
				B3E0FA6F17914DEE00BD4CC4 /* Foundation.framework */,
				B3E0FA7117914DEE00BD4CC4 /* CoreGraphics.framework */,
			);
			name = Frameworks;
			sourceTree = "<group>";
		};
		B3E0FA7317914DEE00BD4CC4 /* ReutersNewsFeedsReader */ = {
			isa = PBXGroup;
			children = (
				B343B187179D537600FDED34 /* Application */,
				B343B188179D538900FDED34 /* View Controllers */,
				B343B189179D54B500FDED34 /* Misc */,
				B3E0FA9C17914E2200BD4CC4 /* Vendor */,
				B3E0FA7417914DEE00BD4CC4 /* Supporting Files */,
			);
			path = ReutersNewsFeedsReader;
			sourceTree = "<group>";
		};
		B3E0FA7417914DEE00BD4CC4 /* Supporting Files */ = {
			isa = PBXGroup;
			children = (
				B343B18D179D58FD00FDED34 /* Images */,
				B343B18E179D590500FDED34 /* html */,
				B343B18F179D598100FDED34 /* Misc */,
				B3E0FA7517914DEE00BD4CC4 /* ReutersNewsFeedsReader-Info.plist */,
				B3E0FA7617914DEE00BD4CC4 /* InfoPlist.strings */,
				B3E0FA7917914DEE00BD4CC4 /* main.m */,
				B3E0FA7B17914DEE00BD4CC4 /* ReutersNewsFeedsReader-Prefix.pch */,
			);
			name = "Supporting Files";
			sourceTree = "<group>";
		};
		B3E0FA9C17914E2200BD4CC4 /* Vendor */ = {
			isa = PBXGroup;
			children = (
				B343B172179BCD8B00FDED34 /* TUSafariActivity */,
				B343B166179BCC7000FDED34 /* ReadabilityActivity */,
				B3E0FA9D17914E2200BD4CC4 /* Google Toolbox for Mac */,
				B3E0FAA017914E2200BD4CC4 /* Hpple */,
				B3E0FAA717914E2200BD4CC4 /* MBProgressHUD */,
				B3E0FAAA17914E2200BD4CC4 /* MWFeedParser */,
			);
			path = Vendor;
			sourceTree = "<group>";
		};
		B3E0FA9D17914E2200BD4CC4 /* Google Toolbox for Mac */ = {
			isa = PBXGroup;
			children = (
				B3E0FA9E17914E2200BD4CC4 /* GTMNSString+HTML.h */,
				B3E0FA9F17914E2200BD4CC4 /* GTMNSString+HTML.m */,
			);
			path = "Google Toolbox for Mac";
			sourceTree = "<group>";
		};
		B3E0FAA017914E2200BD4CC4 /* Hpple */ = {
			isa = PBXGroup;
			children = (
				B3E0FAA117914E2200BD4CC4 /* TFHpple.h */,
				B3E0FAA217914E2200BD4CC4 /* TFHpple.m */,
				B3E0FAA317914E2200BD4CC4 /* TFHppleElement.h */,
				B3E0FAA417914E2200BD4CC4 /* TFHppleElement.m */,
				B3E0FAA517914E2200BD4CC4 /* XPathQuery.h */,
				B3E0FAA617914E2200BD4CC4 /* XPathQuery.m */,
			);
			path = Hpple;
			sourceTree = "<group>";
		};
		B3E0FAA717914E2200BD4CC4 /* MBProgressHUD */ = {
			isa = PBXGroup;
			children = (
				B3E0FAA817914E2200BD4CC4 /* MBProgressHUD.h */,
				B3E0FAA917914E2200BD4CC4 /* MBProgressHUD.m */,
			);
			path = MBProgressHUD;
			sourceTree = "<group>";
		};
		B3E0FAAA17914E2200BD4CC4 /* MWFeedParser */ = {
			isa = PBXGroup;
			children = (
				B3E0FAAB17914E2200BD4CC4 /* MWFeedInfo.h */,
				B3E0FAAC17914E2200BD4CC4 /* MWFeedInfo.m */,
				B3E0FAAD17914E2300BD4CC4 /* MWFeedItem.h */,
				B3E0FAAE17914E2300BD4CC4 /* MWFeedItem.m */,
				B3E0FAAF17914E2300BD4CC4 /* MWFeedParser.h */,
				B3E0FAB017914E2300BD4CC4 /* MWFeedParser.m */,
				B3E0FAB117914E2300BD4CC4 /* MWFeedParser_Private.h */,
				B3E0FAB217914E2300BD4CC4 /* NSDate+InternetDateTime.h */,
				B3E0FAB317914E2300BD4CC4 /* NSDate+InternetDateTime.m */,
				B3E0FAB417914E2300BD4CC4 /* NSString+HTML.h */,
				B3E0FAB517914E2300BD4CC4 /* NSString+HTML.m */,
			);
			path = MWFeedParser;
			sourceTree = "<group>";
		};
/* End PBXGroup section */

/* Begin PBXNativeTarget section */
		B3E0FA6917914DEE00BD4CC4 /* ReutersNewsFeedsReader */ = {
			isa = PBXNativeTarget;
			buildConfigurationList = B3E0FA9917914DEE00BD4CC4 /* Build configuration list for PBXNativeTarget "ReutersNewsFeedsReader" */;
			buildPhases = (
				B3E0FA6617914DEE00BD4CC4 /* Sources */,
				B3E0FA6717914DEE00BD4CC4 /* Frameworks */,
				B3E0FA6817914DEE00BD4CC4 /* Resources */,
			);
			buildRules = (
			);
			dependencies = (
			);
			name = ReutersNewsFeedsReader;
			productName = ReutersNewsFeedsReader;
			productReference = B3E0FA6A17914DEE00BD4CC4 /* ReutersNewsFeedsReader.app */;
			productType = "com.apple.product-type.application";
		};
/* End PBXNativeTarget section */

/* Begin PBXProject section */
		B3E0FA6217914DEE00BD4CC4 /* Project object */ = {
			isa = PBXProject;
			attributes = {
				LastUpgradeCheck = 0460;
				ORGANIZATIONNAME = pvllnspk;
			};
			buildConfigurationList = B3E0FA6517914DEE00BD4CC4 /* Build configuration list for PBXProject "ReutersNewsFeedsReader" */;
			compatibilityVersion = "Xcode 3.2";
			developmentRegion = English;
			hasScannedForEncodings = 0;
			knownRegions = (
				en,
			);
			mainGroup = B3E0FA6117914DEE00BD4CC4;
			productRefGroup = B3E0FA6B17914DEE00BD4CC4 /* Products */;
			projectDirPath = "";
			projectRoot = "";
			targets = (
				B3E0FA6917914DEE00BD4CC4 /* ReutersNewsFeedsReader */,
			);
		};
/* End PBXProject section */

/* Begin PBXResourcesBuildPhase section */
		B3E0FA6817914DEE00BD4CC4 /* Resources */ = {
			isa = PBXResourcesBuildPhase;
			buildActionMask = 2147483647;
			files = (
				B3E0FA7817914DEE00BD4CC4 /* InfoPlist.strings in Resources */,
				B3E0FA8017914DEE00BD4CC4 /* Default.png in Resources */,
				B3E0FA8217914DEE00BD4CC4 /* Default@2x.png in Resources */,
				B3E0FA8417914DEE00BD4CC4 /* Default-568h@2x.png in Resources */,
				B3E0FA8D17914DEE00BD4CC4 /* CategoriesViewController_iPhone.xib in Resources */,
				B3E0FA9017914DEE00BD4CC4 /* CategoriesViewController_iPad.xib in Resources */,
				B3E0FA9317914DEE00BD4CC4 /* FeedsViewController_iPhone.xib in Resources */,
				B3E0FA9617914DEE00BD4CC4 /* FeedsViewController_iPad.xib in Resources */,
				B3E0FB0E179160E300BD4CC4 /* WebViewController_iPad.xib in Resources */,
				B3E0FB0F179160E300BD4CC4 /* WebViewController_iPhone.xib in Resources */,
				B3E0FB111791938500BD4CC4 /* ReutersNewsRSSFeeds.plist in Resources */,
				B3E6239A1793BBB000726150 /* reuters125.png in Resources */,
				B3E051D7179528EF00B155F0 /* view_phone.html in Resources */,
				B3E051D91795401400B155F0 /* view_pad.html in Resources */,
				B3E051DE1795DAB500B155F0 /* shadow.png in Resources */,
				B3E051DF1795DAB500B155F0 /* shadow@2x.png in Resources */,
				B3E051EE1795DC7600B155F0 /* arrow-down.png in Resources */,
				B3E051EF1795DC7600B155F0 /* arrow-down@2x.png in Resources */,
				B3E051F01795DC7600B155F0 /* arrow-up.png in Resources */,
				B3E051F11795DC7600B155F0 /* arrow-up@2x.png in Resources */,
				B3E051F21795DC7600B155F0 /* back.png in Resources */,
				B3E051F31795DC7600B155F0 /* back@2x.png in Resources */,
				B3E051F41795DC7600B155F0 /* share.png in Resources */,
				B3E051F51795DC7600B155F0 /* share@2x.png in Resources */,
				B343B16D179BCC7000FDED34 /* Readability-activity-iPad.png in Resources */,
				B343B16E179BCC7000FDED34 /* Readability-activity-iPad@2x.png in Resources */,
				B343B16F179BCC7000FDED34 /* Readability-activity-iPhone.png in Resources */,
				B343B170179BCC7000FDED34 /* Readability-activity-iPhone@2x.png in Resources */,
				B343B179179BCD8B00FDED34 /* Safari.png in Resources */,
				B343B17A179BCD8B00FDED34 /* Safari@2x.png in Resources */,
				B343B17B179BCD8B00FDED34 /* Safari@2x~ipad.png in Resources */,
				B343B17C179BCD8B00FDED34 /* Safari~ipad.png in Resources */,
				B343B182179BCE0C00FDED34 /* FeedsTableViewCell_iPad.xib in Resources */,
				B343B183179BCE0C00FDED34 /* FeedsTableViewCell_iPhone.xib in Resources */,
				B3E4D338179E7AC7000A863B /* line_shadow.png in Resources */,
			);
			runOnlyForDeploymentPostprocessing = 0;
		};
/* End PBXResourcesBuildPhase section */

/* Begin PBXSourcesBuildPhase section */
		B3E0FA6617914DEE00BD4CC4 /* Sources */ = {
			isa = PBXSourcesBuildPhase;
			buildActionMask = 2147483647;
			files = (
				B3E0FA7A17914DEE00BD4CC4 /* main.m in Sources */,
				B3E0FA7E17914DEE00BD4CC4 /* AppDelegate.m in Sources */,
				B3E0FA8717914DEE00BD4CC4 /* CategoriesViewController.m in Sources */,
				B3E0FA8A17914DEE00BD4CC4 /* FeedsViewController.m in Sources */,
				B3E0FABD17914E2300BD4CC4 /* GTMNSString+HTML.m in Sources */,
				B3E0FABE17914E2300BD4CC4 /* TFHpple.m in Sources */,
				B3E0FABF17914E2300BD4CC4 /* TFHppleElement.m in Sources */,
				B3E0FAC017914E2300BD4CC4 /* XPathQuery.m in Sources */,
				B3E0FAC117914E2300BD4CC4 /* MBProgressHUD.m in Sources */,
				B3E0FAC217914E2300BD4CC4 /* MWFeedInfo.m in Sources */,
				B3E0FAC317914E2300BD4CC4 /* MWFeedItem.m in Sources */,
				B3E0FAC417914E2300BD4CC4 /* MWFeedParser.m in Sources */,
				B3E0FAC517914E2300BD4CC4 /* NSDate+InternetDateTime.m in Sources */,
				B3E0FAC617914E2300BD4CC4 /* NSString+HTML.m in Sources */,
				B3E0FB061791604E00BD4CC4 /* WebViewController.m in Sources */,
				B3E0FB1B1791D28F00BD4CC4 /* NSString+Additions.m in Sources */,
				B3E6239D1793C7FD00726150 /* RNHelper.m in Sources */,
				B3E623A01793F8DD00726150 /* FeedsTableViewCell.m in Sources */,
				B343B171179BCC7000FDED34 /* ReadabilityActivity.m in Sources */,
				B343B17D179BCD8B00FDED34 /* TUSafariActivity.m in Sources */,
				B343B186179BDB8E00FDED34 /* RNActivityViewController.m in Sources */,
				B343B192179DC56000FDED34 /* RNNavigationController.m in Sources */,
			);
			runOnlyForDeploymentPostprocessing = 0;
		};
/* End PBXSourcesBuildPhase section */

/* Begin PBXVariantGroup section */
		B343B17E179BCE0C00FDED34 /* FeedsTableViewCell_iPad.xib */ = {
			isa = PBXVariantGroup;
			children = (
				B343B17F179BCE0C00FDED34 /* en */,
			);
			name = FeedsTableViewCell_iPad.xib;
			sourceTree = "<group>";
		};
		B343B180179BCE0C00FDED34 /* FeedsTableViewCell_iPhone.xib */ = {
			isa = PBXVariantGroup;
			children = (
				B343B181179BCE0C00FDED34 /* en */,
			);
			name = FeedsTableViewCell_iPhone.xib;
			sourceTree = "<group>";
		};
		B3E0FA7617914DEE00BD4CC4 /* InfoPlist.strings */ = {
			isa = PBXVariantGroup;
			children = (
				B3E0FA7717914DEE00BD4CC4 /* en */,
			);
			name = InfoPlist.strings;
			sourceTree = "<group>";
		};
		B3E0FA8B17914DEE00BD4CC4 /* CategoriesViewController_iPhone.xib */ = {
			isa = PBXVariantGroup;
			children = (
				B3E0FA8C17914DEE00BD4CC4 /* en */,
			);
			name = CategoriesViewController_iPhone.xib;
			sourceTree = "<group>";
		};
		B3E0FA8E17914DEE00BD4CC4 /* CategoriesViewController_iPad.xib */ = {
			isa = PBXVariantGroup;
			children = (
				B3E0FA8F17914DEE00BD4CC4 /* en */,
			);
			name = CategoriesViewController_iPad.xib;
			sourceTree = "<group>";
		};
		B3E0FA9117914DEE00BD4CC4 /* FeedsViewController_iPhone.xib */ = {
			isa = PBXVariantGroup;
			children = (
				B3E0FA9217914DEE00BD4CC4 /* en */,
			);
			name = FeedsViewController_iPhone.xib;
			sourceTree = "<group>";
		};
		B3E0FA9417914DEE00BD4CC4 /* FeedsViewController_iPad.xib */ = {
			isa = PBXVariantGroup;
			children = (
				B3E0FA9517914DEE00BD4CC4 /* en */,
			);
			name = FeedsViewController_iPad.xib;
			sourceTree = "<group>";
		};
		B3E0FB0A179160E200BD4CC4 /* WebViewController_iPad.xib */ = {
			isa = PBXVariantGroup;
			children = (
				B3E0FB0B179160E300BD4CC4 /* en */,
			);
			name = WebViewController_iPad.xib;
			sourceTree = "<group>";
		};
		B3E0FB0C179160E300BD4CC4 /* WebViewController_iPhone.xib */ = {
			isa = PBXVariantGroup;
			children = (
				B3E0FB0D179160E300BD4CC4 /* en */,
			);
			name = WebViewController_iPhone.xib;
			sourceTree = "<group>";
		};
/* End PBXVariantGroup section */

/* Begin XCBuildConfiguration section */
		B3E0FA9717914DEE00BD4CC4 /* Debug */ = {
			isa = XCBuildConfiguration;
			buildSettings = {
				ALWAYS_SEARCH_USER_PATHS = NO;
				CLANG_CXX_LANGUAGE_STANDARD = "gnu++0x";
				CLANG_CXX_LIBRARY = "libc++";
				CLANG_ENABLE_OBJC_ARC = YES;
				CLANG_WARN_CONSTANT_CONVERSION = YES;
				CLANG_WARN_EMPTY_BODY = YES;
				CLANG_WARN_ENUM_CONVERSION = YES;
				CLANG_WARN_INT_CONVERSION = YES;
				CLANG_WARN__DUPLICATE_METHOD_MATCH = YES;
				"CODE_SIGN_IDENTITY[sdk=iphoneos*]" = "iPhone Developer";
				COPY_PHASE_STRIP = NO;
				GCC_C_LANGUAGE_STANDARD = gnu99;
				GCC_DYNAMIC_NO_PIC = NO;
				GCC_OPTIMIZATION_LEVEL = 0;
				GCC_PREPROCESSOR_DEFINITIONS = (
					"DEBUG=1",
					"$(inherited)",
				);
				GCC_SYMBOLS_PRIVATE_EXTERN = NO;
				GCC_WARN_ABOUT_RETURN_TYPE = YES;
				GCC_WARN_UNINITIALIZED_AUTOS = YES;
				GCC_WARN_UNUSED_VARIABLE = YES;
				IPHONEOS_DEPLOYMENT_TARGET = 6.1;
				ONLY_ACTIVE_ARCH = YES;
				SDKROOT = iphoneos;
				TARGETED_DEVICE_FAMILY = "1,2";
			};
			name = Debug;
		};
		B3E0FA9817914DEE00BD4CC4 /* Release */ = {
			isa = XCBuildConfiguration;
			buildSettings = {
				ALWAYS_SEARCH_USER_PATHS = NO;
				CLANG_CXX_LANGUAGE_STANDARD = "gnu++0x";
				CLANG_CXX_LIBRARY = "libc++";
				CLANG_ENABLE_OBJC_ARC = YES;
				CLANG_WARN_CONSTANT_CONVERSION = YES;
				CLANG_WARN_EMPTY_BODY = YES;
				CLANG_WARN_ENUM_CONVERSION = YES;
				CLANG_WARN_INT_CONVERSION = YES;
				CLANG_WARN__DUPLICATE_METHOD_MATCH = YES;
				"CODE_SIGN_IDENTITY[sdk=iphoneos*]" = "iPhone Developer";
				COPY_PHASE_STRIP = YES;
				GCC_C_LANGUAGE_STANDARD = gnu99;
				GCC_WARN_ABOUT_RETURN_TYPE = YES;
				GCC_WARN_UNINITIALIZED_AUTOS = YES;
				GCC_WARN_UNUSED_VARIABLE = YES;
				IPHONEOS_DEPLOYMENT_TARGET = 6.1;
				OTHER_CFLAGS = "-DNS_BLOCK_ASSERTIONS=1";
				SDKROOT = iphoneos;
				TARGETED_DEVICE_FAMILY = "1,2";
				VALIDATE_PRODUCT = YES;
			};
			name = Release;
		};
		B3E0FA9A17914DEE00BD4CC4 /* Debug */ = {
			isa = XCBuildConfiguration;
			buildSettings = {
				GCC_PRECOMPILE_PREFIX_HEADER = YES;
				GCC_PREFIX_HEADER = "ReutersNewsFeedsReader/ReutersNewsFeedsReader-Prefix.pch";
				"HEADER_SEARCH_PATHS[arch=*]" = "$(SDKROOT)/usr/include/libxml2";
				INFOPLIST_FILE = "ReutersNewsFeedsReader/ReutersNewsFeedsReader-Info.plist";
				PRODUCT_NAME = "$(TARGET_NAME)";
				WRAPPER_EXTENSION = app;
			};
			name = Debug;
		};
		B3E0FA9B17914DEE00BD4CC4 /* Release */ = {
			isa = XCBuildConfiguration;
			buildSettings = {
				GCC_PRECOMPILE_PREFIX_HEADER = YES;
				GCC_PREFIX_HEADER = "ReutersNewsFeedsReader/ReutersNewsFeedsReader-Prefix.pch";
				"HEADER_SEARCH_PATHS[arch=*]" = "$(SDKROOT)/usr/include/libxml2";
				INFOPLIST_FILE = "ReutersNewsFeedsReader/ReutersNewsFeedsReader-Info.plist";
				PRODUCT_NAME = "$(TARGET_NAME)";
				WRAPPER_EXTENSION = app;
			};
			name = Release;
		};
/* End XCBuildConfiguration section */

/* Begin XCConfigurationList section */
		B3E0FA6517914DEE00BD4CC4 /* Build configuration list for PBXProject "ReutersNewsFeedsReader" */ = {
			isa = XCConfigurationList;
			buildConfigurations = (
				B3E0FA9717914DEE00BD4CC4 /* Debug */,
				B3E0FA9817914DEE00BD4CC4 /* Release */,
			);
			defaultConfigurationIsVisible = 0;
			defaultConfigurationName = Release;
		};
		B3E0FA9917914DEE00BD4CC4 /* Build configuration list for PBXNativeTarget "ReutersNewsFeedsReader" */ = {
			isa = XCConfigurationList;
			buildConfigurations = (
				B3E0FA9A17914DEE00BD4CC4 /* Debug */,
				B3E0FA9B17914DEE00BD4CC4 /* Release */,
			);
			defaultConfigurationIsVisible = 0;
			defaultConfigurationName = Release;
		};
/* End XCConfigurationList section */
	};
	rootObject = B3E0FA6217914DEE00BD4CC4 /* Project object */;
}
