// !$*UTF8*$!
{
	archiveVersion = 1;
	classes = {
	};
	objectVersion = 46;
	objects = {

/* Begin PBXBuildFile section */
		B3E0FA6E17914DEE00BD4CC4 /* UIKit.framework in Frameworks */ = {isa = PBXBuildFile; fileRef = B3E0FA6D17914DEE00BD4CC4 /* UIKit.framework */; };
		B3E0FA7017914DEE00BD4CC4 /* Foundation.framework in Frameworks */ = {isa = PBXBuildFile; fileRef = B3E0FA6F17914DEE00BD4CC4 /* Foundation.framework */; };
		B3E0FA7217914DEE00BD4CC4 /* CoreGraphics.framework in Frameworks */ = {isa = PBXBuildFile; fileRef = B3E0FA7117914DEE00BD4CC4 /* CoreGraphics.framework */; };
		B3E0FACB17914E7200BD4CC4 /* QuartzCore.framework in Frameworks */ = {isa = PBXBuildFile; fileRef = B3E0FACA17914E7200BD4CC4 /* QuartzCore.framework */; };
		B3E0FACD17914E8500BD4CC4 /* libxml2.dylib in Frameworks */ = {isa = PBXBuildFile; fileRef = B3E0FACC17914E8500BD4CC4 /* libxml2.dylib */; };
		B3E5B28817B0275B009FC97B /* AppDelegate.m in Sources */ = {isa = PBXBuildFile; fileRef = B3E5B28717B0275B009FC97B /* AppDelegate.m */; };
		B3E5B28B17B0277D009FC97B /* CategoriesViewController.m in Sources */ = {isa = PBXBuildFile; fileRef = B3E5B28A17B0277D009FC97B /* CategoriesViewController.m */; };
		B3E5B29017B0278E009FC97B /* CategoriesViewController_iPad.xib in Resources */ = {isa = PBXBuildFile; fileRef = B3E5B28C17B0278E009FC97B /* CategoriesViewController_iPad.xib */; };
		B3E5B29117B0278E009FC97B /* CategoriesViewController_iPhone.xib in Resources */ = {isa = PBXBuildFile; fileRef = B3E5B28E17B0278E009FC97B /* CategoriesViewController_iPhone.xib */; };
		B3E5B29617B027BE009FC97B /* FeedsTableViewCell.m in Sources */ = {isa = PBXBuildFile; fileRef = B3E5B29317B027BE009FC97B /* FeedsTableViewCell.m */; };
		B3E5B29717B027BE009FC97B /* FeedsViewController.m in Sources */ = {isa = PBXBuildFile; fileRef = B3E5B29517B027BE009FC97B /* FeedsViewController.m */; };
		B3E5B2A017B027CC009FC97B /* FeedsTableViewCell_iPad.xib in Resources */ = {isa = PBXBuildFile; fileRef = B3E5B29817B027CC009FC97B /* FeedsTableViewCell_iPad.xib */; };
		B3E5B2A117B027CC009FC97B /* FeedsTableViewCell_iPhone.xib in Resources */ = {isa = PBXBuildFile; fileRef = B3E5B29A17B027CC009FC97B /* FeedsTableViewCell_iPhone.xib */; };
		B3E5B2A217B027CC009FC97B /* FeedsViewController_iPad.xib in Resources */ = {isa = PBXBuildFile; fileRef = B3E5B29C17B027CC009FC97B /* FeedsViewController_iPad.xib */; };
		B3E5B2A317B027CC009FC97B /* FeedsViewController_iPhone.xib in Resources */ = {isa = PBXBuildFile; fileRef = B3E5B29E17B027CC009FC97B /* FeedsViewController_iPhone.xib */; };
		B3E5B2A617B027E2009FC97B /* WebViewController.m in Sources */ = {isa = PBXBuildFile; fileRef = B3E5B2A517B027E2009FC97B /* WebViewController.m */; };
		B3E5B2AB17B027F3009FC97B /* WebViewController_iPad.xib in Resources */ = {isa = PBXBuildFile; fileRef = B3E5B2A717B027F3009FC97B /* WebViewController_iPad.xib */; };
		B3E5B2AC17B027F3009FC97B /* WebViewController_iPhone.xib in Resources */ = {isa = PBXBuildFile; fileRef = B3E5B2A917B027F3009FC97B /* WebViewController_iPhone.xib */; };
		B3E5B2B517B0281C009FC97B /* NSString+Additions.m in Sources */ = {isa = PBXBuildFile; fileRef = B3E5B2AE17B0281C009FC97B /* NSString+Additions.m */; };
		B3E5B2B617B0281C009FC97B /* RNActivityViewController.m in Sources */ = {isa = PBXBuildFile; fileRef = B3E5B2B017B0281C009FC97B /* RNActivityViewController.m */; };
		B3E5B2B717B0281C009FC97B /* RNHelper.m in Sources */ = {isa = PBXBuildFile; fileRef = B3E5B2B217B0281C009FC97B /* RNHelper.m */; };
		B3E5B2B817B0281C009FC97B /* RNNavigationController.m in Sources */ = {isa = PBXBuildFile; fileRef = B3E5B2B417B0281C009FC97B /* RNNavigationController.m */; };
		B3E5B2E117B02859009FC97B /* GTMNSString+HTML.m in Sources */ = {isa = PBXBuildFile; fileRef = B3E5B2BC17B02859009FC97B /* GTMNSString+HTML.m */; settings = {COMPILER_FLAGS = "-fno-objc-arc"; }; };
		B3E5B2E217B02859009FC97B /* TFHpple.m in Sources */ = {isa = PBXBuildFile; fileRef = B3E5B2BF17B02859009FC97B /* TFHpple.m */; };
		B3E5B2E317B02859009FC97B /* TFHppleElement.m in Sources */ = {isa = PBXBuildFile; fileRef = B3E5B2C117B02859009FC97B /* TFHppleElement.m */; };
		B3E5B2E417B02859009FC97B /* XPathQuery.m in Sources */ = {isa = PBXBuildFile; fileRef = B3E5B2C317B02859009FC97B /* XPathQuery.m */; };
		B3E5B2E517B02859009FC97B /* MBProgressHUD.m in Sources */ = {isa = PBXBuildFile; fileRef = B3E5B2C617B02859009FC97B /* MBProgressHUD.m */; };
		B3E5B2E617B02859009FC97B /* MWFeedInfo.m in Sources */ = {isa = PBXBuildFile; fileRef = B3E5B2C917B02859009FC97B /* MWFeedInfo.m */; settings = {COMPILER_FLAGS = "-fno-objc-arc"; }; };
		B3E5B2E717B02859009FC97B /* MWFeedItem.m in Sources */ = {isa = PBXBuildFile; fileRef = B3E5B2CB17B02859009FC97B /* MWFeedItem.m */; settings = {COMPILER_FLAGS = "-fno-objc-arc"; }; };
		B3E5B2E817B02859009FC97B /* MWFeedParser.m in Sources */ = {isa = PBXBuildFile; fileRef = B3E5B2CD17B02859009FC97B /* MWFeedParser.m */; settings = {COMPILER_FLAGS = "-fno-objc-arc"; }; };
		B3E5B2E917B02859009FC97B /* NSDate+InternetDateTime.m in Sources */ = {isa = PBXBuildFile; fileRef = B3E5B2D017B02859009FC97B /* NSDate+InternetDateTime.m */; settings = {COMPILER_FLAGS = "-fno-objc-arc"; }; };
		B3E5B2EA17B02859009FC97B /* NSString+HTML.m in Sources */ = {isa = PBXBuildFile; fileRef = B3E5B2D217B02859009FC97B /* NSString+HTML.m */; settings = {COMPILER_FLAGS = "-fno-objc-arc"; }; };
		B3E5B2EB17B02859009FC97B /* Readability-activity-iPad.png in Resources */ = {isa = PBXBuildFile; fileRef = B3E5B2D417B02859009FC97B /* Readability-activity-iPad.png */; };
		B3E5B2EC17B02859009FC97B /* Readability-activity-iPad@2x.png in Resources */ = {isa = PBXBuildFile; fileRef = B3E5B2D517B02859009FC97B /* Readability-activity-iPad@2x.png */; };
		B3E5B2ED17B02859009FC97B /* Readability-activity-iPhone.png in Resources */ = {isa = PBXBuildFile; fileRef = B3E5B2D617B02859009FC97B /* Readability-activity-iPhone.png */; };
		B3E5B2EE17B02859009FC97B /* Readability-activity-iPhone@2x.png in Resources */ = {isa = PBXBuildFile; fileRef = B3E5B2D717B02859009FC97B /* Readability-activity-iPhone@2x.png */; };
		B3E5B2EF17B02859009FC97B /* ReadabilityActivity.m in Sources */ = {isa = PBXBuildFile; fileRef = B3E5B2D917B02859009FC97B /* ReadabilityActivity.m */; };
		B3E5B2F017B02859009FC97B /* Safari.png in Resources */ = {isa = PBXBuildFile; fileRef = B3E5B2DB17B02859009FC97B /* Safari.png */; };
		B3E5B2F117B02859009FC97B /* Safari@2x.png in Resources */ = {isa = PBXBuildFile; fileRef = B3E5B2DC17B02859009FC97B /* Safari@2x.png */; };
		B3E5B2F217B02859009FC97B /* Safari@2x~ipad.png in Resources */ = {isa = PBXBuildFile; fileRef = B3E5B2DD17B02859009FC97B /* Safari@2x~ipad.png */; };
		B3E5B2F317B02859009FC97B /* Safari~ipad.png in Resources */ = {isa = PBXBuildFile; fileRef = B3E5B2DE17B02859009FC97B /* Safari~ipad.png */; };
		B3E5B2F417B02859009FC97B /* TUSafariActivity.m in Sources */ = {isa = PBXBuildFile; fileRef = B3E5B2E017B02859009FC97B /* TUSafariActivity.m */; };
		B3E5B30917B02886009FC97B /* view_pad.html in Resources */ = {isa = PBXBuildFile; fileRef = B3E5B2F717B02886009FC97B /* view_pad.html */; };
		B3E5B30A17B02886009FC97B /* view_phone.html in Resources */ = {isa = PBXBuildFile; fileRef = B3E5B2F817B02886009FC97B /* view_phone.html */; };
		B3E5B30B17B02886009FC97B /* arrow-down.png in Resources */ = {isa = PBXBuildFile; fileRef = B3E5B2FA17B02886009FC97B /* arrow-down.png */; };
		B3E5B30C17B02886009FC97B /* arrow-down@2x.png in Resources */ = {isa = PBXBuildFile; fileRef = B3E5B2FB17B02886009FC97B /* arrow-down@2x.png */; };
		B3E5B30D17B02886009FC97B /* arrow-up.png in Resources */ = {isa = PBXBuildFile; fileRef = B3E5B2FC17B02886009FC97B /* arrow-up.png */; };
		B3E5B30E17B02886009FC97B /* arrow-up@2x.png in Resources */ = {isa = PBXBuildFile; fileRef = B3E5B2FD17B02886009FC97B /* arrow-up@2x.png */; };
		B3E5B30F17B02886009FC97B /* back.png in Resources */ = {isa = PBXBuildFile; fileRef = B3E5B2FE17B02886009FC97B /* back.png */; };
		B3E5B31017B02886009FC97B /* back@2x.png in Resources */ = {isa = PBXBuildFile; fileRef = B3E5B2FF17B02886009FC97B /* back@2x.png */; };
		B3E5B31117B02886009FC97B /* Default-568h@2x.png in Resources */ = {isa = PBXBuildFile; fileRef = B3E5B30017B02886009FC97B /* Default-568h@2x.png */; };
		B3E5B31217B02886009FC97B /* Default.png in Resources */ = {isa = PBXBuildFile; fileRef = B3E5B30117B02886009FC97B /* Default.png */; };
		B3E5B31317B02886009FC97B /* Default@2x.png in Resources */ = {isa = PBXBuildFile; fileRef = B3E5B30217B02886009FC97B /* Default@2x.png */; };
		B3E5B31417B02886009FC97B /* line_shadow.png in Resources */ = {isa = PBXBuildFile; fileRef = B3E5B30317B02886009FC97B /* line_shadow.png */; };
		B3E5B31517B02886009FC97B /* reuters125.png in Resources */ = {isa = PBXBuildFile; fileRef = B3E5B30417B02886009FC97B /* reuters125.png */; };
		B3E5B31617B02886009FC97B /* shadow.png in Resources */ = {isa = PBXBuildFile; fileRef = B3E5B30517B02886009FC97B /* shadow.png */; };
		B3E5B31717B02886009FC97B /* shadow@2x.png in Resources */ = {isa = PBXBuildFile; fileRef = B3E5B30617B02886009FC97B /* shadow@2x.png */; };
		B3E5B31817B02886009FC97B /* share.png in Resources */ = {isa = PBXBuildFile; fileRef = B3E5B30717B02886009FC97B /* share.png */; };
		B3E5B31917B02886009FC97B /* share@2x.png in Resources */ = {isa = PBXBuildFile; fileRef = B3E5B30817B02886009FC97B /* share@2x.png */; };
		B3E5B31C17B028B9009FC97B /* InfoPlist.strings in Resources */ = {isa = PBXBuildFile; fileRef = B3E5B31A17B028B9009FC97B /* InfoPlist.strings */; };
		B3E5B32117B028DD009FC97B /* main.m in Sources */ = {isa = PBXBuildFile; fileRef = B3E5B31D17B028DD009FC97B /* main.m */; };
		B3E5B32217B028DD009FC97B /* ReutersNewsReader-Info.plist in Resources */ = {isa = PBXBuildFile; fileRef = B3E5B31E17B028DD009FC97B /* ReutersNewsReader-Info.plist */; };
		B3E5B32317B028DD009FC97B /* ReutersNewsRSSFeeds.plist in Resources */ = {isa = PBXBuildFile; fileRef = B3E5B32017B028DD009FC97B /* ReutersNewsRSSFeeds.plist */; };
/* End PBXBuildFile section */

/* Begin PBXFileReference section */
		B3E0FA6A17914DEE00BD4CC4 /* ReutersNewsReader.app */ = {isa = PBXFileReference; explicitFileType = wrapper.application; includeInIndex = 0; path = ReutersNewsReader.app; sourceTree = BUILT_PRODUCTS_DIR; };
		B3E0FA6D17914DEE00BD4CC4 /* UIKit.framework */ = {isa = PBXFileReference; lastKnownFileType = wrapper.framework; name = UIKit.framework; path = System/Library/Frameworks/UIKit.framework; sourceTree = SDKROOT; };
		B3E0FA6F17914DEE00BD4CC4 /* Foundation.framework */ = {isa = PBXFileReference; lastKnownFileType = wrapper.framework; name = Foundation.framework; path = System/Library/Frameworks/Foundation.framework; sourceTree = SDKROOT; };
		B3E0FA7117914DEE00BD4CC4 /* CoreGraphics.framework */ = {isa = PBXFileReference; lastKnownFileType = wrapper.framework; name = CoreGraphics.framework; path = System/Library/Frameworks/CoreGraphics.framework; sourceTree = SDKROOT; };
		B3E0FACA17914E7200BD4CC4 /* QuartzCore.framework */ = {isa = PBXFileReference; lastKnownFileType = wrapper.framework; name = QuartzCore.framework; path = System/Library/Frameworks/QuartzCore.framework; sourceTree = SDKROOT; };
		B3E0FACC17914E8500BD4CC4 /* libxml2.dylib */ = {isa = PBXFileReference; lastKnownFileType = "compiled.mach-o.dylib"; name = libxml2.dylib; path = usr/lib/libxml2.dylib; sourceTree = SDKROOT; };
		B3E5B28517B0275B009FC97B /* AppConfig.h */ = {isa = PBXFileReference; fileEncoding = 4; lastKnownFileType = sourcecode.c.h; path = AppConfig.h; sourceTree = "<group>"; };
		B3E5B28617B0275B009FC97B /* AppDelegate.h */ = {isa = PBXFileReference; fileEncoding = 4; lastKnownFileType = sourcecode.c.h; path = AppDelegate.h; sourceTree = "<group>"; };
		B3E5B28717B0275B009FC97B /* AppDelegate.m */ = {isa = PBXFileReference; fileEncoding = 4; lastKnownFileType = sourcecode.c.objc; path = AppDelegate.m; sourceTree = "<group>"; };
		B3E5B28917B0277D009FC97B /* CategoriesViewController.h */ = {isa = PBXFileReference; fileEncoding = 4; lastKnownFileType = sourcecode.c.h; name = CategoriesViewController.h; path = "ReutersNewsReader/View Controllers/CategoriesViewController.h"; sourceTree = SOURCE_ROOT; };
		B3E5B28A17B0277D009FC97B /* CategoriesViewController.m */ = {isa = PBXFileReference; fileEncoding = 4; lastKnownFileType = sourcecode.c.objc; name = CategoriesViewController.m; path = "ReutersNewsReader/View Controllers/CategoriesViewController.m"; sourceTree = SOURCE_ROOT; };
		B3E5B28D17B0278E009FC97B /* en */ = {isa = PBXFileReference; lastKnownFileType = file.xib; name = en; path = ReutersNewsReader/en.lproj/CategoriesViewController_iPad.xib; sourceTree = SOURCE_ROOT; };
		B3E5B28F17B0278E009FC97B /* en */ = {isa = PBXFileReference; lastKnownFileType = file.xib; name = en; path = ReutersNewsReader/en.lproj/CategoriesViewController_iPhone.xib; sourceTree = SOURCE_ROOT; };
		B3E5B29217B027BE009FC97B /* FeedsTableViewCell.h */ = {isa = PBXFileReference; fileEncoding = 4; lastKnownFileType = sourcecode.c.h; name = FeedsTableViewCell.h; path = "ReutersNewsReader/View Controllers/FeedsTableViewCell.h"; sourceTree = SOURCE_ROOT; };
		B3E5B29317B027BE009FC97B /* FeedsTableViewCell.m */ = {isa = PBXFileReference; fileEncoding = 4; lastKnownFileType = sourcecode.c.objc; name = FeedsTableViewCell.m; path = "ReutersNewsReader/View Controllers/FeedsTableViewCell.m"; sourceTree = SOURCE_ROOT; };
		B3E5B29417B027BE009FC97B /* FeedsViewController.h */ = {isa = PBXFileReference; fileEncoding = 4; lastKnownFileType = sourcecode.c.h; name = FeedsViewController.h; path = "ReutersNewsReader/View Controllers/FeedsViewController.h"; sourceTree = SOURCE_ROOT; };
		B3E5B29517B027BE009FC97B /* FeedsViewController.m */ = {isa = PBXFileReference; fileEncoding = 4; lastKnownFileType = sourcecode.c.objc; name = FeedsViewController.m; path = "ReutersNewsReader/View Controllers/FeedsViewController.m"; sourceTree = SOURCE_ROOT; };
		B3E5B29917B027CC009FC97B /* en */ = {isa = PBXFileReference; lastKnownFileType = file.xib; name = en; path = ReutersNewsReader/en.lproj/FeedsTableViewCell_iPad.xib; sourceTree = SOURCE_ROOT; };
		B3E5B29B17B027CC009FC97B /* en */ = {isa = PBXFileReference; lastKnownFileType = file.xib; name = en; path = ReutersNewsReader/en.lproj/FeedsTableViewCell_iPhone.xib; sourceTree = SOURCE_ROOT; };
		B3E5B29D17B027CC009FC97B /* en */ = {isa = PBXFileReference; lastKnownFileType = file.xib; name = en; path = ReutersNewsReader/en.lproj/FeedsViewController_iPad.xib; sourceTree = SOURCE_ROOT; };
		B3E5B29F17B027CC009FC97B /* en */ = {isa = PBXFileReference; lastKnownFileType = file.xib; name = en; path = ReutersNewsReader/en.lproj/FeedsViewController_iPhone.xib; sourceTree = SOURCE_ROOT; };
		B3E5B2A417B027E2009FC97B /* WebViewController.h */ = {isa = PBXFileReference; fileEncoding = 4; lastKnownFileType = sourcecode.c.h; name = WebViewController.h; path = "ReutersNewsReader/View Controllers/WebViewController.h"; sourceTree = SOURCE_ROOT; };
		B3E5B2A517B027E2009FC97B /* WebViewController.m */ = {isa = PBXFileReference; fileEncoding = 4; lastKnownFileType = sourcecode.c.objc; name = WebViewController.m; path = "ReutersNewsReader/View Controllers/WebViewController.m"; sourceTree = SOURCE_ROOT; };
		B3E5B2A817B027F3009FC97B /* en */ = {isa = PBXFileReference; lastKnownFileType = file.xib; name = en; path = ReutersNewsReader/en.lproj/WebViewController_iPad.xib; sourceTree = SOURCE_ROOT; };
		B3E5B2AA17B027F3009FC97B /* en */ = {isa = PBXFileReference; lastKnownFileType = file.xib; name = en; path = ReutersNewsReader/en.lproj/WebViewController_iPhone.xib; sourceTree = SOURCE_ROOT; };
		B3E5B2AD17B0281C009FC97B /* NSString+Additions.h */ = {isa = PBXFileReference; fileEncoding = 4; lastKnownFileType = sourcecode.c.h; name = "NSString+Additions.h"; path = "ReutersNewsReader/Misc/NSString+Additions.h"; sourceTree = SOURCE_ROOT; };
		B3E5B2AE17B0281C009FC97B /* NSString+Additions.m */ = {isa = PBXFileReference; fileEncoding = 4; lastKnownFileType = sourcecode.c.objc; name = "NSString+Additions.m"; path = "ReutersNewsReader/Misc/NSString+Additions.m"; sourceTree = SOURCE_ROOT; };
		B3E5B2AF17B0281C009FC97B /* RNActivityViewController.h */ = {isa = PBXFileReference; fileEncoding = 4; lastKnownFileType = sourcecode.c.h; name = RNActivityViewController.h; path = ReutersNewsReader/Misc/RNActivityViewController.h; sourceTree = SOURCE_ROOT; };
		B3E5B2B017B0281C009FC97B /* RNActivityViewController.m */ = {isa = PBXFileReference; fileEncoding = 4; lastKnownFileType = sourcecode.c.objc; name = RNActivityViewController.m; path = ReutersNewsReader/Misc/RNActivityViewController.m; sourceTree = SOURCE_ROOT; };
		B3E5B2B117B0281C009FC97B /* RNHelper.h */ = {isa = PBXFileReference; fileEncoding = 4; lastKnownFileType = sourcecode.c.h; name = RNHelper.h; path = ReutersNewsReader/Misc/RNHelper.h; sourceTree = SOURCE_ROOT; };
		B3E5B2B217B0281C009FC97B /* RNHelper.m */ = {isa = PBXFileReference; fileEncoding = 4; lastKnownFileType = sourcecode.c.objc; name = RNHelper.m; path = ReutersNewsReader/Misc/RNHelper.m; sourceTree = SOURCE_ROOT; };
		B3E5B2B317B0281C009FC97B /* RNNavigationController.h */ = {isa = PBXFileReference; fileEncoding = 4; lastKnownFileType = sourcecode.c.h; name = RNNavigationController.h; path = ReutersNewsReader/Misc/RNNavigationController.h; sourceTree = SOURCE_ROOT; };
		B3E5B2B417B0281C009FC97B /* RNNavigationController.m */ = {isa = PBXFileReference; fileEncoding = 4; lastKnownFileType = sourcecode.c.objc; name = RNNavigationController.m; path = ReutersNewsReader/Misc/RNNavigationController.m; sourceTree = SOURCE_ROOT; };
		B3E5B2BB17B02859009FC97B /* GTMNSString+HTML.h */ = {isa = PBXFileReference; fileEncoding = 4; lastKnownFileType = sourcecode.c.h; path = "GTMNSString+HTML.h"; sourceTree = "<group>"; };
		B3E5B2BC17B02859009FC97B /* GTMNSString+HTML.m */ = {isa = PBXFileReference; fileEncoding = 4; lastKnownFileType = sourcecode.c.objc; path = "GTMNSString+HTML.m"; sourceTree = "<group>"; };
		B3E5B2BE17B02859009FC97B /* TFHpple.h */ = {isa = PBXFileReference; fileEncoding = 4; lastKnownFileType = sourcecode.c.h; path = TFHpple.h; sourceTree = "<group>"; };
		B3E5B2BF17B02859009FC97B /* TFHpple.m */ = {isa = PBXFileReference; fileEncoding = 4; lastKnownFileType = sourcecode.c.objc; path = TFHpple.m; sourceTree = "<group>"; };
		B3E5B2C017B02859009FC97B /* TFHppleElement.h */ = {isa = PBXFileReference; fileEncoding = 4; lastKnownFileType = sourcecode.c.h; path = TFHppleElement.h; sourceTree = "<group>"; };
		B3E5B2C117B02859009FC97B /* TFHppleElement.m */ = {isa = PBXFileReference; fileEncoding = 4; lastKnownFileType = sourcecode.c.objc; path = TFHppleElement.m; sourceTree = "<group>"; };
		B3E5B2C217B02859009FC97B /* XPathQuery.h */ = {isa = PBXFileReference; fileEncoding = 4; lastKnownFileType = sourcecode.c.h; path = XPathQuery.h; sourceTree = "<group>"; };
		B3E5B2C317B02859009FC97B /* XPathQuery.m */ = {isa = PBXFileReference; fileEncoding = 4; lastKnownFileType = sourcecode.c.objc; path = XPathQuery.m; sourceTree = "<group>"; };
		B3E5B2C517B02859009FC97B /* MBProgressHUD.h */ = {isa = PBXFileReference; fileEncoding = 4; lastKnownFileType = sourcecode.c.h; path = MBProgressHUD.h; sourceTree = "<group>"; };
		B3E5B2C617B02859009FC97B /* MBProgressHUD.m */ = {isa = PBXFileReference; fileEncoding = 4; lastKnownFileType = sourcecode.c.objc; path = MBProgressHUD.m; sourceTree = "<group>"; };
		B3E5B2C817B02859009FC97B /* MWFeedInfo.h */ = {isa = PBXFileReference; fileEncoding = 4; lastKnownFileType = sourcecode.c.h; path = MWFeedInfo.h; sourceTree = "<group>"; };
		B3E5B2C917B02859009FC97B /* MWFeedInfo.m */ = {isa = PBXFileReference; fileEncoding = 4; lastKnownFileType = sourcecode.c.objc; path = MWFeedInfo.m; sourceTree = "<group>"; };
		B3E5B2CA17B02859009FC97B /* MWFeedItem.h */ = {isa = PBXFileReference; fileEncoding = 4; lastKnownFileType = sourcecode.c.h; path = MWFeedItem.h; sourceTree = "<group>"; };
		B3E5B2CB17B02859009FC97B /* MWFeedItem.m */ = {isa = PBXFileReference; fileEncoding = 4; lastKnownFileType = sourcecode.c.objc; path = MWFeedItem.m; sourceTree = "<group>"; };
		B3E5B2CC17B02859009FC97B /* MWFeedParser.h */ = {isa = PBXFileReference; fileEncoding = 4; lastKnownFileType = sourcecode.c.h; path = MWFeedParser.h; sourceTree = "<group>"; };
		B3E5B2CD17B02859009FC97B /* MWFeedParser.m */ = {isa = PBXFileReference; fileEncoding = 4; lastKnownFileType = sourcecode.c.objc; path = MWFeedParser.m; sourceTree = "<group>"; };
		B3E5B2CE17B02859009FC97B /* MWFeedParser_Private.h */ = {isa = PBXFileReference; fileEncoding = 4; lastKnownFileType = sourcecode.c.h; path = MWFeedParser_Private.h; sourceTree = "<group>"; };
		B3E5B2CF17B02859009FC97B /* NSDate+InternetDateTime.h */ = {isa = PBXFileReference; fileEncoding = 4; lastKnownFileType = sourcecode.c.h; path = "NSDate+InternetDateTime.h"; sourceTree = "<group>"; };
		B3E5B2D017B02859009FC97B /* NSDate+InternetDateTime.m */ = {isa = PBXFileReference; fileEncoding = 4; lastKnownFileType = sourcecode.c.objc; path = "NSDate+InternetDateTime.m"; sourceTree = "<group>"; };
		B3E5B2D117B02859009FC97B /* NSString+HTML.h */ = {isa = PBXFileReference; fileEncoding = 4; lastKnownFileType = sourcecode.c.h; path = "NSString+HTML.h"; sourceTree = "<group>"; };
		B3E5B2D217B02859009FC97B /* NSString+HTML.m */ = {isa = PBXFileReference; fileEncoding = 4; lastKnownFileType = sourcecode.c.objc; path = "NSString+HTML.m"; sourceTree = "<group>"; };
		B3E5B2D417B02859009FC97B /* Readability-activity-iPad.png */ = {isa = PBXFileReference; lastKnownFileType = image.png; path = "Readability-activity-iPad.png"; sourceTree = "<group>"; };
		B3E5B2D517B02859009FC97B /* Readability-activity-iPad@2x.png */ = {isa = PBXFileReference; lastKnownFileType = image.png; path = "Readability-activity-iPad@2x.png"; sourceTree = "<group>"; };
		B3E5B2D617B02859009FC97B /* Readability-activity-iPhone.png */ = {isa = PBXFileReference; lastKnownFileType = image.png; path = "Readability-activity-iPhone.png"; sourceTree = "<group>"; };
		B3E5B2D717B02859009FC97B /* Readability-activity-iPhone@2x.png */ = {isa = PBXFileReference; lastKnownFileType = image.png; path = "Readability-activity-iPhone@2x.png"; sourceTree = "<group>"; };
		B3E5B2D817B02859009FC97B /* ReadabilityActivity.h */ = {isa = PBXFileReference; fileEncoding = 4; lastKnownFileType = sourcecode.c.h; path = ReadabilityActivity.h; sourceTree = "<group>"; };
		B3E5B2D917B02859009FC97B /* ReadabilityActivity.m */ = {isa = PBXFileReference; fileEncoding = 4; lastKnownFileType = sourcecode.c.objc; path = ReadabilityActivity.m; sourceTree = "<group>"; };
		B3E5B2DB17B02859009FC97B /* Safari.png */ = {isa = PBXFileReference; lastKnownFileType = image.png; path = Safari.png; sourceTree = "<group>"; };
		B3E5B2DC17B02859009FC97B /* Safari@2x.png */ = {isa = PBXFileReference; lastKnownFileType = image.png; path = "Safari@2x.png"; sourceTree = "<group>"; };
		B3E5B2DD17B02859009FC97B /* Safari@2x~ipad.png */ = {isa = PBXFileReference; lastKnownFileType = image.png; path = "Safari@2x~ipad.png"; sourceTree = "<group>"; };
		B3E5B2DE17B02859009FC97B /* Safari~ipad.png */ = {isa = PBXFileReference; lastKnownFileType = image.png; path = "Safari~ipad.png"; sourceTree = "<group>"; };
		B3E5B2DF17B02859009FC97B /* TUSafariActivity.h */ = {isa = PBXFileReference; fileEncoding = 4; lastKnownFileType = sourcecode.c.h; path = TUSafariActivity.h; sourceTree = "<group>"; };
		B3E5B2E017B02859009FC97B /* TUSafariActivity.m */ = {isa = PBXFileReference; fileEncoding = 4; lastKnownFileType = sourcecode.c.objc; path = TUSafariActivity.m; sourceTree = "<group>"; };
		B3E5B2F717B02886009FC97B /* view_pad.html */ = {isa = PBXFileReference; fileEncoding = 4; lastKnownFileType = text.html; path = view_pad.html; sourceTree = "<group>"; };
		B3E5B2F817B02886009FC97B /* view_phone.html */ = {isa = PBXFileReference; fileEncoding = 4; lastKnownFileType = text.html; path = view_phone.html; sourceTree = "<group>"; };
		B3E5B2FA17B02886009FC97B /* arrow-down.png */ = {isa = PBXFileReference; lastKnownFileType = image.png; path = "arrow-down.png"; sourceTree = "<group>"; };
		B3E5B2FB17B02886009FC97B /* arrow-down@2x.png */ = {isa = PBXFileReference; lastKnownFileType = image.png; path = "arrow-down@2x.png"; sourceTree = "<group>"; };
		B3E5B2FC17B02886009FC97B /* arrow-up.png */ = {isa = PBXFileReference; lastKnownFileType = image.png; path = "arrow-up.png"; sourceTree = "<group>"; };
		B3E5B2FD17B02886009FC97B /* arrow-up@2x.png */ = {isa = PBXFileReference; lastKnownFileType = image.png; path = "arrow-up@2x.png"; sourceTree = "<group>"; };
		B3E5B2FE17B02886009FC97B /* back.png */ = {isa = PBXFileReference; lastKnownFileType = image.png; path = back.png; sourceTree = "<group>"; };
		B3E5B2FF17B02886009FC97B /* back@2x.png */ = {isa = PBXFileReference; lastKnownFileType = image.png; path = "back@2x.png"; sourceTree = "<group>"; };
		B3E5B30017B02886009FC97B /* Default-568h@2x.png */ = {isa = PBXFileReference; lastKnownFileType = image.png; path = "Default-568h@2x.png"; sourceTree = "<group>"; };
		B3E5B30117B02886009FC97B /* Default.png */ = {isa = PBXFileReference; lastKnownFileType = image.png; path = Default.png; sourceTree = "<group>"; };
		B3E5B30217B02886009FC97B /* Default@2x.png */ = {isa = PBXFileReference; lastKnownFileType = image.png; path = "Default@2x.png"; sourceTree = "<group>"; };
		B3E5B30317B02886009FC97B /* line_shadow.png */ = {isa = PBXFileReference; lastKnownFileType = image.png; path = line_shadow.png; sourceTree = "<group>"; };
		B3E5B30417B02886009FC97B /* reuters125.png */ = {isa = PBXFileReference; lastKnownFileType = image.png; path = reuters125.png; sourceTree = "<group>"; };
		B3E5B30517B02886009FC97B /* shadow.png */ = {isa = PBXFileReference; lastKnownFileType = image.png; path = shadow.png; sourceTree = "<group>"; };
		B3E5B30617B02886009FC97B /* shadow@2x.png */ = {isa = PBXFileReference; lastKnownFileType = image.png; path = "shadow@2x.png"; sourceTree = "<group>"; };
		B3E5B30717B02886009FC97B /* share.png */ = {isa = PBXFileReference; lastKnownFileType = image.png; path = share.png; sourceTree = "<group>"; };
		B3E5B30817B02886009FC97B /* share@2x.png */ = {isa = PBXFileReference; lastKnownFileType = image.png; path = "share@2x.png"; sourceTree = "<group>"; };
		B3E5B31B17B028B9009FC97B /* en */ = {isa = PBXFileReference; lastKnownFileType = text.plist.strings; name = en; path = ReutersNewsReader/en.lproj/InfoPlist.strings; sourceTree = SOURCE_ROOT; };
		B3E5B31D17B028DD009FC97B /* main.m */ = {isa = PBXFileReference; fileEncoding = 4; lastKnownFileType = sourcecode.c.objc; name = main.m; path = ReutersNewsReader/main.m; sourceTree = SOURCE_ROOT; };
		B3E5B31E17B028DD009FC97B /* ReutersNewsReader-Info.plist */ = {isa = PBXFileReference; fileEncoding = 4; lastKnownFileType = text.plist.xml; name = "ReutersNewsReader-Info.plist"; path = "ReutersNewsReader/ReutersNewsReader-Info.plist"; sourceTree = SOURCE_ROOT; };
		B3E5B31F17B028DD009FC97B /* ReutersNewsReader-Prefix.pch */ = {isa = PBXFileReference; fileEncoding = 4; lastKnownFileType = sourcecode.c.h; name = "ReutersNewsReader-Prefix.pch"; path = "ReutersNewsReader/ReutersNewsReader-Prefix.pch"; sourceTree = SOURCE_ROOT; };
		B3E5B32017B028DD009FC97B /* ReutersNewsRSSFeeds.plist */ = {isa = PBXFileReference; fileEncoding = 4; lastKnownFileType = text.plist.xml; name = ReutersNewsRSSFeeds.plist; path = ReutersNewsReader/ReutersNewsRSSFeeds.plist; sourceTree = SOURCE_ROOT; };
/* End PBXFileReference section */

/* Begin PBXFrameworksBuildPhase section */
		B3E0FA6717914DEE00BD4CC4 /* Frameworks */ = {
			isa = PBXFrameworksBuildPhase;
			buildActionMask = 2147483647;
			files = (
				B3E0FACD17914E8500BD4CC4 /* libxml2.dylib in Frameworks */,
				B3E0FACB17914E7200BD4CC4 /* QuartzCore.framework in Frameworks */,
				B3E0FA6E17914DEE00BD4CC4 /* UIKit.framework in Frameworks */,
				B3E0FA7017914DEE00BD4CC4 /* Foundation.framework in Frameworks */,
				B3E0FA7217914DEE00BD4CC4 /* CoreGraphics.framework in Frameworks */,
			);
			runOnlyForDeploymentPostprocessing = 0;
		};
/* End PBXFrameworksBuildPhase section */

/* Begin PBXGroup section */
		B343B188179D538900FDED34 /* View Controllers */ = {
			isa = PBXGroup;
			children = (
				B343B18A179D564400FDED34 /* Categories */,
				B343B18B179D56AC00FDED34 /* Feeds */,
				B343B18C179D572E00FDED34 /* Webview */,
			);
			name = "View Controllers";
			sourceTree = "<group>";
		};
		B343B189179D54B500FDED34 /* Misc */ = {
			isa = PBXGroup;
			children = (
				B3E5B2AD17B0281C009FC97B /* NSString+Additions.h */,
				B3E5B2AE17B0281C009FC97B /* NSString+Additions.m */,
				B3E5B2AF17B0281C009FC97B /* RNActivityViewController.h */,
				B3E5B2B017B0281C009FC97B /* RNActivityViewController.m */,
				B3E5B2B117B0281C009FC97B /* RNHelper.h */,
				B3E5B2B217B0281C009FC97B /* RNHelper.m */,
				B3E5B2B317B0281C009FC97B /* RNNavigationController.h */,
				B3E5B2B417B0281C009FC97B /* RNNavigationController.m */,
			);
			name = Misc;
			sourceTree = "<group>";
		};
		B343B18A179D564400FDED34 /* Categories */ = {
			isa = PBXGroup;
			children = (
				B3E5B28917B0277D009FC97B /* CategoriesViewController.h */,
				B3E5B28A17B0277D009FC97B /* CategoriesViewController.m */,
				B3E5B28C17B0278E009FC97B /* CategoriesViewController_iPad.xib */,
				B3E5B28E17B0278E009FC97B /* CategoriesViewController_iPhone.xib */,
			);
			name = Categories;
			sourceTree = "<group>";
		};
		B343B18B179D56AC00FDED34 /* Feeds */ = {
			isa = PBXGroup;
			children = (
				B3E5B29217B027BE009FC97B /* FeedsTableViewCell.h */,
				B3E5B29317B027BE009FC97B /* FeedsTableViewCell.m */,
				B3E5B29417B027BE009FC97B /* FeedsViewController.h */,
				B3E5B29517B027BE009FC97B /* FeedsViewController.m */,
				B3E5B29817B027CC009FC97B /* FeedsTableViewCell_iPad.xib */,
				B3E5B29A17B027CC009FC97B /* FeedsTableViewCell_iPhone.xib */,
				B3E5B29C17B027CC009FC97B /* FeedsViewController_iPad.xib */,
				B3E5B29E17B027CC009FC97B /* FeedsViewController_iPhone.xib */,
			);
			name = Feeds;
			sourceTree = "<group>";
		};
		B343B18C179D572E00FDED34 /* Webview */ = {
			isa = PBXGroup;
			children = (
				B3E5B2A717B027F3009FC97B /* WebViewController_iPad.xib */,
				B3E5B2A917B027F3009FC97B /* WebViewController_iPhone.xib */,
				B3E5B2A417B027E2009FC97B /* WebViewController.h */,
				B3E5B2A517B027E2009FC97B /* WebViewController.m */,
			);
			name = Webview;
			sourceTree = "<group>";
		};
		B3E0FA6117914DEE00BD4CC4 = {
			isa = PBXGroup;
			children = (
				B3E0FA7317914DEE00BD4CC4 /* ReutersNewsReader */,
				B3E0FA6C17914DEE00BD4CC4 /* Frameworks */,
				B3E0FA6B17914DEE00BD4CC4 /* Products */,
			);
			sourceTree = "<group>";
		};
		B3E0FA6B17914DEE00BD4CC4 /* Products */ = {
			isa = PBXGroup;
			children = (
				B3E0FA6A17914DEE00BD4CC4 /* ReutersNewsReader.app */,
			);
			name = Products;
			sourceTree = "<group>";
		};
		B3E0FA6C17914DEE00BD4CC4 /* Frameworks */ = {
			isa = PBXGroup;
			children = (
				B3E0FACC17914E8500BD4CC4 /* libxml2.dylib */,
				B3E0FACA17914E7200BD4CC4 /* QuartzCore.framework */,
				B3E0FA6D17914DEE00BD4CC4 /* UIKit.framework */,
				B3E0FA6F17914DEE00BD4CC4 /* Foundation.framework */,
				B3E0FA7117914DEE00BD4CC4 /* CoreGraphics.framework */,
			);
			name = Frameworks;
			sourceTree = "<group>";
		};
		B3E0FA7317914DEE00BD4CC4 /* ReutersNewsReader */ = {
			isa = PBXGroup;
			children = (
				B3E5B28417B0275B009FC97B /* Application */,
				B343B188179D538900FDED34 /* View Controllers */,
				B343B189179D54B500FDED34 /* Misc */,
				B3E5B2B917B02859009FC97B /* Vendor */,
				B3E0FA7417914DEE00BD4CC4 /* Supporting Files */,
			);
			name = ReutersNewsReader;
			path = ReutersNewsFeedsReader;
			sourceTree = "<group>";
		};
		B3E0FA7417914DEE00BD4CC4 /* Supporting Files */ = {
			isa = PBXGroup;
			children = (
				B3E5B2F517B02886009FC97B /* Resources */,
				B3E5B31D17B028DD009FC97B /* main.m */,
				B3E5B31E17B028DD009FC97B /* ReutersNewsReader-Info.plist */,
				B3E5B31F17B028DD009FC97B /* ReutersNewsReader-Prefix.pch */,
				B3E5B32017B028DD009FC97B /* ReutersNewsRSSFeeds.plist */,
				B3E5B31A17B028B9009FC97B /* InfoPlist.strings */,
			);
			name = "Supporting Files";
			sourceTree = "<group>";
		};
		B3E5B28417B0275B009FC97B /* Application */ = {
			isa = PBXGroup;
			children = (
				B3E5B28517B0275B009FC97B /* AppConfig.h */,
				B3E5B28617B0275B009FC97B /* AppDelegate.h */,
				B3E5B28717B0275B009FC97B /* AppDelegate.m */,
			);
			name = Application;
			path = ReutersNewsReader/Application;
			sourceTree = SOURCE_ROOT;
		};
		B3E5B2B917B02859009FC97B /* Vendor */ = {
			isa = PBXGroup;
			children = (
				B3E5B2BA17B02859009FC97B /* Google Toolbox for Mac */,
				B3E5B2BD17B02859009FC97B /* Hpple */,
				B3E5B2C417B02859009FC97B /* MBProgressHUD */,
				B3E5B2C717B02859009FC97B /* MWFeedParser */,
				B3E5B2D317B02859009FC97B /* ReadabilityActivity */,
				B3E5B2DA17B02859009FC97B /* TUSafariActivity */,
			);
			name = Vendor;
			path = ReutersNewsReader/Vendor;
			sourceTree = SOURCE_ROOT;
		};
		B3E5B2BA17B02859009FC97B /* Google Toolbox for Mac */ = {
			isa = PBXGroup;
			children = (
				B3E5B2BB17B02859009FC97B /* GTMNSString+HTML.h */,
				B3E5B2BC17B02859009FC97B /* GTMNSString+HTML.m */,
			);
			path = "Google Toolbox for Mac";
			sourceTree = "<group>";
		};
		B3E5B2BD17B02859009FC97B /* Hpple */ = {
			isa = PBXGroup;
			children = (
				B3E5B2BE17B02859009FC97B /* TFHpple.h */,
				B3E5B2BF17B02859009FC97B /* TFHpple.m */,
				B3E5B2C017B02859009FC97B /* TFHppleElement.h */,
				B3E5B2C117B02859009FC97B /* TFHppleElement.m */,
				B3E5B2C217B02859009FC97B /* XPathQuery.h */,
				B3E5B2C317B02859009FC97B /* XPathQuery.m */,
			);
			path = Hpple;
			sourceTree = "<group>";
		};
		B3E5B2C417B02859009FC97B /* MBProgressHUD */ = {
			isa = PBXGroup;
			children = (
				B3E5B2C517B02859009FC97B /* MBProgressHUD.h */,
				B3E5B2C617B02859009FC97B /* MBProgressHUD.m */,
			);
			path = MBProgressHUD;
			sourceTree = "<group>";
		};
		B3E5B2C717B02859009FC97B /* MWFeedParser */ = {
			isa = PBXGroup;
			children = (
				B3E5B2C817B02859009FC97B /* MWFeedInfo.h */,
				B3E5B2C917B02859009FC97B /* MWFeedInfo.m */,
				B3E5B2CA17B02859009FC97B /* MWFeedItem.h */,
				B3E5B2CB17B02859009FC97B /* MWFeedItem.m */,
				B3E5B2CC17B02859009FC97B /* MWFeedParser.h */,
				B3E5B2CD17B02859009FC97B /* MWFeedParser.m */,
				B3E5B2CE17B02859009FC97B /* MWFeedParser_Private.h */,
				B3E5B2CF17B02859009FC97B /* NSDate+InternetDateTime.h */,
				B3E5B2D017B02859009FC97B /* NSDate+InternetDateTime.m */,
				B3E5B2D117B02859009FC97B /* NSString+HTML.h */,
				B3E5B2D217B02859009FC97B /* NSString+HTML.m */,
			);
			path = MWFeedParser;
			sourceTree = "<group>";
		};
		B3E5B2D317B02859009FC97B /* ReadabilityActivity */ = {
			isa = PBXGroup;
			children = (
				B3E5B2D417B02859009FC97B /* Readability-activity-iPad.png */,
				B3E5B2D517B02859009FC97B /* Readability-activity-iPad@2x.png */,
				B3E5B2D617B02859009FC97B /* Readability-activity-iPhone.png */,
				B3E5B2D717B02859009FC97B /* Readability-activity-iPhone@2x.png */,
				B3E5B2D817B02859009FC97B /* ReadabilityActivity.h */,
				B3E5B2D917B02859009FC97B /* ReadabilityActivity.m */,
			);
			path = ReadabilityActivity;
			sourceTree = "<group>";
		};
		B3E5B2DA17B02859009FC97B /* TUSafariActivity */ = {
			isa = PBXGroup;
			children = (
				B3E5B2DB17B02859009FC97B /* Safari.png */,
				B3E5B2DC17B02859009FC97B /* Safari@2x.png */,
				B3E5B2DD17B02859009FC97B /* Safari@2x~ipad.png */,
				B3E5B2DE17B02859009FC97B /* Safari~ipad.png */,
				B3E5B2DF17B02859009FC97B /* TUSafariActivity.h */,
				B3E5B2E017B02859009FC97B /* TUSafariActivity.m */,
			);
			path = TUSafariActivity;
			sourceTree = "<group>";
		};
		B3E5B2F517B02886009FC97B /* Resources */ = {
			isa = PBXGroup;
			children = (
				B3E5B2F917B02886009FC97B /* Images */,
				B3E5B2F617B02886009FC97B /* Html */,
			);
			name = Resources;
			path = ReutersNewsReader/Resources;
			sourceTree = SOURCE_ROOT;
		};
		B3E5B2F617B02886009FC97B /* Html */ = {
			isa = PBXGroup;
			children = (
				B3E5B2F717B02886009FC97B /* view_pad.html */,
				B3E5B2F817B02886009FC97B /* view_phone.html */,
			);
			path = Html;
			sourceTree = "<group>";
		};
		B3E5B2F917B02886009FC97B /* Images */ = {
			isa = PBXGroup;
			children = (
				B3E5B2FA17B02886009FC97B /* arrow-down.png */,
				B3E5B2FB17B02886009FC97B /* arrow-down@2x.png */,
				B3E5B2FC17B02886009FC97B /* arrow-up.png */,
				B3E5B2FD17B02886009FC97B /* arrow-up@2x.png */,
				B3E5B2FE17B02886009FC97B /* back.png */,
				B3E5B2FF17B02886009FC97B /* back@2x.png */,
				B3E5B30017B02886009FC97B /* Default-568h@2x.png */,
				B3E5B30117B02886009FC97B /* Default.png */,
				B3E5B30217B02886009FC97B /* Default@2x.png */,
				B3E5B30317B02886009FC97B /* line_shadow.png */,
				B3E5B30417B02886009FC97B /* reuters125.png */,
				B3E5B30517B02886009FC97B /* shadow.png */,
				B3E5B30617B02886009FC97B /* shadow@2x.png */,
				B3E5B30717B02886009FC97B /* share.png */,
				B3E5B30817B02886009FC97B /* share@2x.png */,
			);
			path = Images;
			sourceTree = "<group>";
		};
/* End PBXGroup section */

/* Begin PBXNativeTarget section */
		B3E0FA6917914DEE00BD4CC4 /* ReutersNewsReader */ = {
			isa = PBXNativeTarget;
			buildConfigurationList = B3E0FA9917914DEE00BD4CC4 /* Build configuration list for PBXNativeTarget "ReutersNewsReader" */;
			buildPhases = (
				B3E0FA6617914DEE00BD4CC4 /* Sources */,
				B3E0FA6717914DEE00BD4CC4 /* Frameworks */,
				B3E0FA6817914DEE00BD4CC4 /* Resources */,
			);
			buildRules = (
			);
			dependencies = (
			);
			name = ReutersNewsReader;
			productName = ReutersNewsFeedsReader;
			productReference = B3E0FA6A17914DEE00BD4CC4 /* ReutersNewsReader.app */;
			productType = "com.apple.product-type.application";
		};
/* End PBXNativeTarget section */

/* Begin PBXProject section */
		B3E0FA6217914DEE00BD4CC4 /* Project object */ = {
			isa = PBXProject;
			attributes = {
				LastUpgradeCheck = 0460;
				ORGANIZATIONNAME = pvllnspk;
			};
			buildConfigurationList = B3E0FA6517914DEE00BD4CC4 /* Build configuration list for PBXProject "ReutersNewsReader" */;
			compatibilityVersion = "Xcode 3.2";
			developmentRegion = English;
			hasScannedForEncodings = 0;
			knownRegions = (
				en,
			);
			mainGroup = B3E0FA6117914DEE00BD4CC4;
			productRefGroup = B3E0FA6B17914DEE00BD4CC4 /* Products */;
			projectDirPath = "";
			projectRoot = "";
			targets = (
				B3E0FA6917914DEE00BD4CC4 /* ReutersNewsReader */,
			);
		};
/* End PBXProject section */

/* Begin PBXResourcesBuildPhase section */
		B3E0FA6817914DEE00BD4CC4 /* Resources */ = {
			isa = PBXResourcesBuildPhase;
			buildActionMask = 2147483647;
			files = (
				B3E5B29017B0278E009FC97B /* CategoriesViewController_iPad.xib in Resources */,
				B3E5B29117B0278E009FC97B /* CategoriesViewController_iPhone.xib in Resources */,
				B3E5B2A017B027CC009FC97B /* FeedsTableViewCell_iPad.xib in Resources */,
				B3E5B2A117B027CC009FC97B /* FeedsTableViewCell_iPhone.xib in Resources */,
				B3E5B2A217B027CC009FC97B /* FeedsViewController_iPad.xib in Resources */,
				B3E5B2A317B027CC009FC97B /* FeedsViewController_iPhone.xib in Resources */,
				B3E5B2AB17B027F3009FC97B /* WebViewController_iPad.xib in Resources */,
				B3E5B2AC17B027F3009FC97B /* WebViewController_iPhone.xib in Resources */,
				B3E5B2EB17B02859009FC97B /* Readability-activity-iPad.png in Resources */,
				B3E5B2EC17B02859009FC97B /* Readability-activity-iPad@2x.png in Resources */,
				B3E5B2ED17B02859009FC97B /* Readability-activity-iPhone.png in Resources */,
				B3E5B2EE17B02859009FC97B /* Readability-activity-iPhone@2x.png in Resources */,
				B3E5B2F017B02859009FC97B /* Safari.png in Resources */,
				B3E5B2F117B02859009FC97B /* Safari@2x.png in Resources */,
				B3E5B2F217B02859009FC97B /* Safari@2x~ipad.png in Resources */,
				B3E5B2F317B02859009FC97B /* Safari~ipad.png in Resources */,
				B3E5B30917B02886009FC97B /* view_pad.html in Resources */,
				B3E5B30A17B02886009FC97B /* view_phone.html in Resources */,
				B3E5B30B17B02886009FC97B /* arrow-down.png in Resources */,
				B3E5B30C17B02886009FC97B /* arrow-down@2x.png in Resources */,
				B3E5B30D17B02886009FC97B /* arrow-up.png in Resources */,
				B3E5B30E17B02886009FC97B /* arrow-up@2x.png in Resources */,
				B3E5B30F17B02886009FC97B /* back.png in Resources */,
				B3E5B31017B02886009FC97B /* back@2x.png in Resources */,
				B3E5B31117B02886009FC97B /* Default-568h@2x.png in Resources */,
				B3E5B31217B02886009FC97B /* Default.png in Resources */,
				B3E5B31317B02886009FC97B /* Default@2x.png in Resources */,
				B3E5B31417B02886009FC97B /* line_shadow.png in Resources */,
				B3E5B31517B02886009FC97B /* reuters125.png in Resources */,
				B3E5B31617B02886009FC97B /* shadow.png in Resources */,
				B3E5B31717B02886009FC97B /* shadow@2x.png in Resources */,
				B3E5B31817B02886009FC97B /* share.png in Resources */,
				B3E5B31917B02886009FC97B /* share@2x.png in Resources */,
				B3E5B31C17B028B9009FC97B /* InfoPlist.strings in Resources */,
				B3E5B32217B028DD009FC97B /* ReutersNewsReader-Info.plist in Resources */,
				B3E5B32317B028DD009FC97B /* ReutersNewsRSSFeeds.plist in Resources */,
			);
			runOnlyForDeploymentPostprocessing = 0;
		};
/* End PBXResourcesBuildPhase section */

/* Begin PBXSourcesBuildPhase section */
		B3E0FA6617914DEE00BD4CC4 /* Sources */ = {
			isa = PBXSourcesBuildPhase;
			buildActionMask = 2147483647;
			files = (
				B3E5B28817B0275B009FC97B /* AppDelegate.m in Sources */,
				B3E5B28B17B0277D009FC97B /* CategoriesViewController.m in Sources */,
				B3E5B29617B027BE009FC97B /* FeedsTableViewCell.m in Sources */,
				B3E5B29717B027BE009FC97B /* FeedsViewController.m in Sources */,
				B3E5B2A617B027E2009FC97B /* WebViewController.m in Sources */,
				B3E5B2B517B0281C009FC97B /* NSString+Additions.m in Sources */,
				B3E5B2B617B0281C009FC97B /* RNActivityViewController.m in Sources */,
				B3E5B2B717B0281C009FC97B /* RNHelper.m in Sources */,
				B3E5B2B817B0281C009FC97B /* RNNavigationController.m in Sources */,
				B3E5B2E117B02859009FC97B /* GTMNSString+HTML.m in Sources */,
				B3E5B2E217B02859009FC97B /* TFHpple.m in Sources */,
				B3E5B2E317B02859009FC97B /* TFHppleElement.m in Sources */,
				B3E5B2E417B02859009FC97B /* XPathQuery.m in Sources */,
				B3E5B2E517B02859009FC97B /* MBProgressHUD.m in Sources */,
				B3E5B2E617B02859009FC97B /* MWFeedInfo.m in Sources */,
				B3E5B2E717B02859009FC97B /* MWFeedItem.m in Sources */,
				B3E5B2E817B02859009FC97B /* MWFeedParser.m in Sources */,
				B3E5B2E917B02859009FC97B /* NSDate+InternetDateTime.m in Sources */,
				B3E5B2EA17B02859009FC97B /* NSString+HTML.m in Sources */,
				B3E5B2EF17B02859009FC97B /* ReadabilityActivity.m in Sources */,
				B3E5B2F417B02859009FC97B /* TUSafariActivity.m in Sources */,
				B3E5B32117B028DD009FC97B /* main.m in Sources */,
			);
			runOnlyForDeploymentPostprocessing = 0;
		};
/* End PBXSourcesBuildPhase section */

/* Begin PBXVariantGroup section */
		B3E5B28C17B0278E009FC97B /* CategoriesViewController_iPad.xib */ = {
			isa = PBXVariantGroup;
			children = (
				B3E5B28D17B0278E009FC97B /* en */,
			);
			name = CategoriesViewController_iPad.xib;
			sourceTree = "<group>";
		};
		B3E5B28E17B0278E009FC97B /* CategoriesViewController_iPhone.xib */ = {
			isa = PBXVariantGroup;
			children = (
				B3E5B28F17B0278E009FC97B /* en */,
			);
			name = CategoriesViewController_iPhone.xib;
			sourceTree = "<group>";
		};
		B3E5B29817B027CC009FC97B /* FeedsTableViewCell_iPad.xib */ = {
			isa = PBXVariantGroup;
			children = (
				B3E5B29917B027CC009FC97B /* en */,
			);
			name = FeedsTableViewCell_iPad.xib;
			sourceTree = "<group>";
		};
		B3E5B29A17B027CC009FC97B /* FeedsTableViewCell_iPhone.xib */ = {
			isa = PBXVariantGroup;
			children = (
				B3E5B29B17B027CC009FC97B /* en */,
			);
			name = FeedsTableViewCell_iPhone.xib;
			sourceTree = "<group>";
		};
		B3E5B29C17B027CC009FC97B /* FeedsViewController_iPad.xib */ = {
			isa = PBXVariantGroup;
			children = (
				B3E5B29D17B027CC009FC97B /* en */,
			);
			name = FeedsViewController_iPad.xib;
			sourceTree = "<group>";
		};
		B3E5B29E17B027CC009FC97B /* FeedsViewController_iPhone.xib */ = {
			isa = PBXVariantGroup;
			children = (
				B3E5B29F17B027CC009FC97B /* en */,
			);
			name = FeedsViewController_iPhone.xib;
			sourceTree = "<group>";
		};
		B3E5B2A717B027F3009FC97B /* WebViewController_iPad.xib */ = {
			isa = PBXVariantGroup;
			children = (
				B3E5B2A817B027F3009FC97B /* en */,
			);
			name = WebViewController_iPad.xib;
			sourceTree = "<group>";
		};
		B3E5B2A917B027F3009FC97B /* WebViewController_iPhone.xib */ = {
			isa = PBXVariantGroup;
			children = (
				B3E5B2AA17B027F3009FC97B /* en */,
			);
			name = WebViewController_iPhone.xib;
			sourceTree = "<group>";
		};
		B3E5B31A17B028B9009FC97B /* InfoPlist.strings */ = {
			isa = PBXVariantGroup;
			children = (
				B3E5B31B17B028B9009FC97B /* en */,
			);
			name = InfoPlist.strings;
			sourceTree = "<group>";
		};
/* End PBXVariantGroup section */

/* Begin XCBuildConfiguration section */
		B3E0FA9717914DEE00BD4CC4 /* Debug */ = {
			isa = XCBuildConfiguration;
			buildSettings = {
				ALWAYS_SEARCH_USER_PATHS = NO;
				CLANG_CXX_LANGUAGE_STANDARD = "gnu++0x";
				CLANG_CXX_LIBRARY = "libc++";
				CLANG_ENABLE_OBJC_ARC = YES;
				CLANG_WARN_CONSTANT_CONVERSION = YES;
				CLANG_WARN_EMPTY_BODY = YES;
				CLANG_WARN_ENUM_CONVERSION = YES;
				CLANG_WARN_INT_CONVERSION = YES;
				CLANG_WARN__DUPLICATE_METHOD_MATCH = YES;
				"CODE_SIGN_IDENTITY[sdk=iphoneos*]" = "iPhone Developer";
				COPY_PHASE_STRIP = NO;
				GCC_C_LANGUAGE_STANDARD = gnu99;
				GCC_DYNAMIC_NO_PIC = NO;
				GCC_OPTIMIZATION_LEVEL = 0;
				GCC_PREPROCESSOR_DEFINITIONS = (
					"DEBUG=1",
					"$(inherited)",
				);
				GCC_SYMBOLS_PRIVATE_EXTERN = NO;
				GCC_WARN_ABOUT_RETURN_TYPE = YES;
				GCC_WARN_UNINITIALIZED_AUTOS = YES;
				GCC_WARN_UNUSED_VARIABLE = YES;
				IPHONEOS_DEPLOYMENT_TARGET = 6.1;
				ONLY_ACTIVE_ARCH = YES;
				SDKROOT = iphoneos;
				TARGETED_DEVICE_FAMILY = "1,2";
			};
			name = Debug;
		};
		B3E0FA9817914DEE00BD4CC4 /* Release */ = {
			isa = XCBuildConfiguration;
			buildSettings = {
				ALWAYS_SEARCH_USER_PATHS = NO;
				CLANG_CXX_LANGUAGE_STANDARD = "gnu++0x";
				CLANG_CXX_LIBRARY = "libc++";
				CLANG_ENABLE_OBJC_ARC = YES;
				CLANG_WARN_CONSTANT_CONVERSION = YES;
				CLANG_WARN_EMPTY_BODY = YES;
				CLANG_WARN_ENUM_CONVERSION = YES;
				CLANG_WARN_INT_CONVERSION = YES;
				CLANG_WARN__DUPLICATE_METHOD_MATCH = YES;
				"CODE_SIGN_IDENTITY[sdk=iphoneos*]" = "iPhone Developer";
				COPY_PHASE_STRIP = YES;
				GCC_C_LANGUAGE_STANDARD = gnu99;
				GCC_WARN_ABOUT_RETURN_TYPE = YES;
				GCC_WARN_UNINITIALIZED_AUTOS = YES;
				GCC_WARN_UNUSED_VARIABLE = YES;
				IPHONEOS_DEPLOYMENT_TARGET = 6.1;
				OTHER_CFLAGS = "-DNS_BLOCK_ASSERTIONS=1";
				SDKROOT = iphoneos;
				TARGETED_DEVICE_FAMILY = "1,2";
				VALIDATE_PRODUCT = YES;
			};
			name = Release;
		};
		B3E0FA9A17914DEE00BD4CC4 /* Debug */ = {
			isa = XCBuildConfiguration;
			buildSettings = {
				GCC_PRECOMPILE_PREFIX_HEADER = YES;
				GCC_PREFIX_HEADER = "ReutersNewsReader/ReutersNewsReader-Prefix.pch";
				"HEADER_SEARCH_PATHS[arch=*]" = "$(SDKROOT)/usr/include/libxml2";
				INFOPLIST_FILE = "ReutersNewsReader/ReutersNewsReader-Info.plist";
				PRODUCT_NAME = ReutersNewsReader;
				WRAPPER_EXTENSION = app;
			};
			name = Debug;
		};
		B3E0FA9B17914DEE00BD4CC4 /* Release */ = {
			isa = XCBuildConfiguration;
			buildSettings = {
				GCC_PRECOMPILE_PREFIX_HEADER = YES;
				GCC_PREFIX_HEADER = "ReutersNewsReader/ReutersNewsReader-Prefix.pch";
				"HEADER_SEARCH_PATHS[arch=*]" = "$(SDKROOT)/usr/include/libxml2";
				INFOPLIST_FILE = "ReutersNewsReader/ReutersNewsReader-Info.plist";
				PRODUCT_NAME = ReutersNewsReader;
				WRAPPER_EXTENSION = app;
			};
			name = Release;
		};
/* End XCBuildConfiguration section */

/* Begin XCConfigurationList section */
		B3E0FA6517914DEE00BD4CC4 /* Build configuration list for PBXProject "ReutersNewsReader" */ = {
			isa = XCConfigurationList;
			buildConfigurations = (
				B3E0FA9717914DEE00BD4CC4 /* Debug */,
				B3E0FA9817914DEE00BD4CC4 /* Release */,
			);
			defaultConfigurationIsVisible = 0;
			defaultConfigurationName = Release;
		};
		B3E0FA9917914DEE00BD4CC4 /* Build configuration list for PBXNativeTarget "ReutersNewsReader" */ = {
			isa = XCConfigurationList;
			buildConfigurations = (
				B3E0FA9A17914DEE00BD4CC4 /* Debug */,
				B3E0FA9B17914DEE00BD4CC4 /* Release */,
			);
			defaultConfigurationIsVisible = 0;
			defaultConfigurationName = Release;
		};
/* End XCConfigurationList section */
	};
	rootObject = B3E0FA6217914DEE00BD4CC4 /* Project object */;
}
